
Microsoft Visual Studio Solution File, Format Version 11.00
# Visual Studio 2010
Project("{8BC9CEB8-8B4A-11D0-8D11-00A0C91BC942}") = "textindexing", "textindexing.vcxproj", "{8086AEED-101E-4075-B2D1-1B4B5BD6C869}"
EndProject
Global
	GlobalSection(SolutionConfigurationPlatforms) = preSolution
		Debug|Win32 = Debug|Win32
		Release|Win32 = Release|Win32
	EndGlobalSection
	GlobalSection(ProjectConfigurationPlatforms) = postSolution
		{8086AEED-101E-4075-B2D1-1B4B5BD6C869}.Debug|Win32.ActiveCfg = Debug|Win32
		{8086AEED-101E-4075-B2D1-1B4B5BD6C869}.Debug|Win32.Build.0 = Debug|Win32
		{8086AEED-101E-4075-B2D1-1B4B5BD6C869}.Release|Win32.ActiveCfg = Release|Win32
		{8086AEED-101E-4075-B2D1-1B4B5BD6C869}.Release|Win32.Build.0 = Release|Win32
	EndGlobalSection
	GlobalSection(SolutionProperties) = preSolution
		HideSolutionNode = FALSE
	EndGlobalSection
EndGlobal
