<?xml version="1.0" encoding="utf-8"?>
<Project ToolsVersion="4.0" xmlns="http://schemas.microsoft.com/developer/msbuild/2003">
  <ItemGroup>
    <Filter Include="Source Files">
      <UniqueIdentifier>{4FC737F1-C7A5-4376-A066-2A32D752A2FF}</UniqueIdentifier>
      <Extensions>cpp;c;cc;cxx;def;odl;idl;hpj;bat;asm;asmx</Extensions>
    </Filter>
    <Filter Include="Header Files">
      <UniqueIdentifier>{93995380-89BD-4b04-88EB-625FBE52EBFB}</UniqueIdentifier>
      <Extensions>h;hpp;hxx;hm;inl;inc;xsd</Extensions>
    </Filter>
    <Filter Include="Resource Files">
      <UniqueIdentifier>{67DA6AB6-F800-4c08-8B7A-83BB121AAD01}</UniqueIdentifier>
      <Extensions>rc;ico;cur;bmp;dlg;rc2;rct;bin;rgs;gif;jpg;jpeg;jpe;resx;tiff;tif;png;wav;mfcribbon-ms</Extensions>
    </Filter>
    <Filter Include="Header Files\boost">
      <UniqueIdentifier>{c91be726-6038-4306-b84c-dd8b09a8a9c7}</UniqueIdentifier>
    </Filter>
    <Filter Include="Header Files\boost\graph">
      <UniqueIdentifier>{ccc28d3d-230c-4d75-a562-129b3a7e1425}</UniqueIdentifier>
    </Filter>
    <Filter Include="Header Files\boost\detail">
      <UniqueIdentifier>{307da1ad-a422-466e-adcc-b0177b254610}</UniqueIdentifier>
    </Filter>
    <Filter Include="Header Files\boost\unordered">
      <UniqueIdentifier>{c4da3ff5-976d-4124-a9ed-79cb5ac08900}</UniqueIdentifier>
    </Filter>
    <Filter Include="Header Files\boost\mpl">
      <UniqueIdentifier>{51eaa137-de11-4773-9fb4-5b2739311e2d}</UniqueIdentifier>
    </Filter>
    <Filter Include="Header Files\boost\property_map">
      <UniqueIdentifier>{43e28bdf-0c39-4c84-acbb-f79fa66a0039}</UniqueIdentifier>
    </Filter>
    <Filter Include="Header Files\boost\type_traits">
      <UniqueIdentifier>{de2f9f3e-e03b-4513-b0a7-453bbbe0167e}</UniqueIdentifier>
    </Filter>
    <Filter Include="Header Files\boost\utility">
      <UniqueIdentifier>{0b2e2ff4-f214-40ab-bb48-ce41a07db5cd}</UniqueIdentifier>
    </Filter>
    <Filter Include="Header Files\boost\config">
      <UniqueIdentifier>{c6b5c0aa-d831-4074-a8d9-1991c18a81f8}</UniqueIdentifier>
    </Filter>
    <Filter Include="Header Files\boost\config\compiler">
      <UniqueIdentifier>{8bf5a61f-5aba-412d-bbbf-4f9c7c1b2be3}</UniqueIdentifier>
    </Filter>
    <Filter Include="Header Files\boost\config\stdlib">
      <UniqueIdentifier>{ce9bfc54-11ca-4983-9e18-fd86b8bd06d2}</UniqueIdentifier>
    </Filter>
    <Filter Include="Header Files\boost\config\no_tr1">
      <UniqueIdentifier>{9236377e-26ab-432d-9319-712a0e0cffab}</UniqueIdentifier>
    </Filter>
  </ItemGroup>
  <ItemGroup>
    <ClInclude Include="Headers\boost\graph\accounting.hpp">
      <Filter>Header Files\boost\graph</Filter>
    </ClInclude>
    <ClInclude Include="Headers\boost\graph\adj_list_serialize.hpp">
      <Filter>Header Files\boost\graph</Filter>
    </ClInclude>
    <ClInclude Include="Headers\boost\graph\adjacency_iterator.hpp">
      <Filter>Header Files\boost\graph</Filter>
    </ClInclude>
    <ClInclude Include="Headers\boost\graph\adjacency_list.hpp">
      <Filter>Header Files\boost\graph</Filter>
    </ClInclude>
    <ClInclude Include="Headers\boost\graph\adjacency_list_io.hpp">
      <Filter>Header Files\boost\graph</Filter>
    </ClInclude>
    <ClInclude Include="Headers\boost\graph\adjacency_matrix.hpp">
      <Filter>Header Files\boost\graph</Filter>
    </ClInclude>
    <ClInclude Include="Headers\boost\graph\astar_search.hpp">
      <Filter>Header Files\boost\graph</Filter>
    </ClInclude>
    <ClInclude Include="Headers\boost\graph\bandwidth.hpp">
      <Filter>Header Files\boost\graph</Filter>
    </ClInclude>
    <ClInclude Include="Headers\boost\graph\bc_clustering.hpp">
      <Filter>Header Files\boost\graph</Filter>
    </ClInclude>
    <ClInclude Include="Headers\boost\graph\bellman_ford_shortest_paths.hpp">
      <Filter>Header Files\boost\graph</Filter>
    </ClInclude>
    <ClInclude Include="Headers\boost\graph\betweenness_centrality.hpp">
      <Filter>Header Files\boost\graph</Filter>
    </ClInclude>
    <ClInclude Include="Headers\boost\graph\biconnected_components.hpp">
      <Filter>Header Files\boost\graph</Filter>
    </ClInclude>
    <ClInclude Include="Headers\boost\graph\bipartite.hpp">
      <Filter>Header Files\boost\graph</Filter>
    </ClInclude>
    <ClInclude Include="Headers\boost\graph\boyer_myrvold_planar_test.hpp">
      <Filter>Header Files\boost\graph</Filter>
    </ClInclude>
    <ClInclude Include="Headers\boost\graph\boykov_kolmogorov_max_flow.hpp">
      <Filter>Header Files\boost\graph</Filter>
    </ClInclude>
    <ClInclude Include="Headers\boost\graph\breadth_first_search.hpp">
      <Filter>Header Files\boost\graph</Filter>
    </ClInclude>
    <ClInclude Include="Headers\boost\graph\bron_kerbosch_all_cliques.hpp">
      <Filter>Header Files\boost\graph</Filter>
    </ClInclude>
    <ClInclude Include="Headers\boost\graph\buffer_concepts.hpp">
      <Filter>Header Files\boost\graph</Filter>
    </ClInclude>
    <ClInclude Include="Headers\boost\graph\chrobak_payne_drawing.hpp">
      <Filter>Header Files\boost\graph</Filter>
    </ClInclude>
    <ClInclude Include="Headers\boost\graph\circle_layout.hpp">
      <Filter>Header Files\boost\graph</Filter>
    </ClInclude>
    <ClInclude Include="Headers\boost\graph\closeness_centrality.hpp">
      <Filter>Header Files\boost\graph</Filter>
    </ClInclude>
    <ClInclude Include="Headers\boost\graph\clustering_coefficient.hpp">
      <Filter>Header Files\boost\graph</Filter>
    </ClInclude>
    <ClInclude Include="Headers\boost\graph\compressed_sparse_row_graph.hpp">
      <Filter>Header Files\boost\graph</Filter>
    </ClInclude>
    <ClInclude Include="Headers\boost\graph\connected_components.hpp">
      <Filter>Header Files\boost\graph</Filter>
    </ClInclude>
    <ClInclude Include="Headers\boost\graph\copy.hpp">
      <Filter>Header Files\boost\graph</Filter>
    </ClInclude>
    <ClInclude Include="Headers\boost\graph\core_numbers.hpp">
      <Filter>Header Files\boost\graph</Filter>
    </ClInclude>
    <ClInclude Include="Headers\boost\graph\create_condensation_graph.hpp">
      <Filter>Header Files\boost\graph</Filter>
    </ClInclude>
    <ClInclude Include="Headers\boost\graph\cuthill_mckee_ordering.hpp">
      <Filter>Header Files\boost\graph</Filter>
    </ClInclude>
    <ClInclude Include="Headers\boost\graph\dag_shortest_paths.hpp">
      <Filter>Header Files\boost\graph</Filter>
    </ClInclude>
    <ClInclude Include="Headers\boost\graph\degree_centrality.hpp">
      <Filter>Header Files\boost\graph</Filter>
    </ClInclude>
    <ClInclude Include="Headers\boost\graph\depth_first_search.hpp">
      <Filter>Header Files\boost\graph</Filter>
    </ClInclude>
    <ClInclude Include="Headers\boost\graph\dijkstra_shortest_paths.hpp">
      <Filter>Header Files\boost\graph</Filter>
    </ClInclude>
    <ClInclude Include="Headers\boost\graph\dijkstra_shortest_paths_no_color_map.hpp">
      <Filter>Header Files\boost\graph</Filter>
    </ClInclude>
    <ClInclude Include="Headers\boost\graph\dimacs.hpp">
      <Filter>Header Files\boost\graph</Filter>
    </ClInclude>
    <ClInclude Include="Headers\boost\graph\directed_graph.hpp">
      <Filter>Header Files\boost\graph</Filter>
    </ClInclude>
    <ClInclude Include="Headers\boost\graph\dll_import_export.hpp">
      <Filter>Header Files\boost\graph</Filter>
    </ClInclude>
    <ClInclude Include="Headers\boost\graph\dominator_tree.hpp">
      <Filter>Header Files\boost\graph</Filter>
    </ClInclude>
    <ClInclude Include="Headers\boost\graph\eccentricity.hpp">
      <Filter>Header Files\boost\graph</Filter>
    </ClInclude>
    <ClInclude Include="Headers\boost\graph\edge_connectivity.hpp">
      <Filter>Header Files\boost\graph</Filter>
    </ClInclude>
    <ClInclude Include="Headers\boost\graph\edge_list.hpp">
      <Filter>Header Files\boost\graph</Filter>
    </ClInclude>
    <ClInclude Include="Headers\boost\graph\edmonds_karp_max_flow.hpp">
      <Filter>Header Files\boost\graph</Filter>
    </ClInclude>
    <ClInclude Include="Headers\boost\graph\edmunds_karp_max_flow.hpp">
      <Filter>Header Files\boost\graph</Filter>
    </ClInclude>
    <ClInclude Include="Headers\boost\graph\erdos_renyi_generator.hpp">
      <Filter>Header Files\boost\graph</Filter>
    </ClInclude>
    <ClInclude Include="Headers\boost\graph\exception.hpp">
      <Filter>Header Files\boost\graph</Filter>
    </ClInclude>
    <ClInclude Include="Headers\boost\graph\exterior_property.hpp">
      <Filter>Header Files\boost\graph</Filter>
    </ClInclude>
    <ClInclude Include="Headers\boost\graph\filtered_graph.hpp">
      <Filter>Header Files\boost\graph</Filter>
    </ClInclude>
    <ClInclude Include="Headers\boost\graph\floyd_warshall_shortest.hpp">
      <Filter>Header Files\boost\graph</Filter>
    </ClInclude>
    <ClInclude Include="Headers\boost\graph\fruchterman_reingold.hpp">
      <Filter>Header Files\boost\graph</Filter>
    </ClInclude>
    <ClInclude Include="Headers\boost\graph\geodesic_distance.hpp">
      <Filter>Header Files\boost\graph</Filter>
    </ClInclude>
    <ClInclude Include="Headers\boost\graph\graph_archetypes.hpp">
      <Filter>Header Files\boost\graph</Filter>
    </ClInclude>
    <ClInclude Include="Headers\boost\graph\graph_as_tree.hpp">
      <Filter>Header Files\boost\graph</Filter>
    </ClInclude>
    <ClInclude Include="Headers\boost\graph\graph_concepts.hpp">
      <Filter>Header Files\boost\graph</Filter>
    </ClInclude>
    <ClInclude Include="Headers\boost\graph\graph_mutability_traits.hpp">
      <Filter>Header Files\boost\graph</Filter>
    </ClInclude>
    <ClInclude Include="Headers\boost\graph\graph_selectors.hpp">
      <Filter>Header Files\boost\graph</Filter>
    </ClInclude>
    <ClInclude Include="Headers\boost\graph\graph_stats.hpp">
      <Filter>Header Files\boost\graph</Filter>
    </ClInclude>
    <ClInclude Include="Headers\boost\graph\graph_test.hpp">
      <Filter>Header Files\boost\graph</Filter>
    </ClInclude>
    <ClInclude Include="Headers\boost\graph\graph_traits.hpp">
      <Filter>Header Files\boost\graph</Filter>
    </ClInclude>
    <ClInclude Include="Headers\boost\graph\graph_utility.hpp">
      <Filter>Header Files\boost\graph</Filter>
    </ClInclude>
    <ClInclude Include="Headers\boost\graph\graphml.hpp">
      <Filter>Header Files\boost\graph</Filter>
    </ClInclude>
    <ClInclude Include="Headers\boost\graph\graphviz.hpp">
      <Filter>Header Files\boost\graph</Filter>
    </ClInclude>
    <ClInclude Include="Headers\boost\graph\grid_graph.hpp">
      <Filter>Header Files\boost\graph</Filter>
    </ClInclude>
    <ClInclude Include="Headers\boost\graph\gursoy_atun_layout.hpp">
      <Filter>Header Files\boost\graph</Filter>
    </ClInclude>
    <ClInclude Include="Headers\boost\graph\howard_cycle_ratio.hpp">
      <Filter>Header Files\boost\graph</Filter>
    </ClInclude>
    <ClInclude Include="Headers\boost\graph\incremental_components.hpp">
      <Filter>Header Files\boost\graph</Filter>
    </ClInclude>
    <ClInclude Include="Headers\boost\graph\is_kuratowski_subgraph.hpp">
      <Filter>Header Files\boost\graph</Filter>
    </ClInclude>
    <ClInclude Include="Headers\boost\graph\is_straight_line_drawing.hpp">
      <Filter>Header Files\boost\graph</Filter>
    </ClInclude>
    <ClInclude Include="Headers\boost\graph\isomorphism.hpp">
      <Filter>Header Files\boost\graph</Filter>
    </ClInclude>
    <ClInclude Include="Headers\boost\graph\iteration_macros.hpp">
      <Filter>Header Files\boost\graph</Filter>
    </ClInclude>
    <ClInclude Include="Headers\boost\graph\iteration_macros_undef.hpp">
      <Filter>Header Files\boost\graph</Filter>
    </ClInclude>
    <ClInclude Include="Headers\boost\graph\johnson_all_pairs_shortest.hpp">
      <Filter>Header Files\boost\graph</Filter>
    </ClInclude>
    <ClInclude Include="Headers\boost\graph\kamada_kawai_spring_layout.hpp">
      <Filter>Header Files\boost\graph</Filter>
    </ClInclude>
    <ClInclude Include="Headers\boost\graph\king_ordering.hpp">
      <Filter>Header Files\boost\graph</Filter>
    </ClInclude>
    <ClInclude Include="Headers\boost\graph\kruskal_min_spanning_tree.hpp">
      <Filter>Header Files\boost\graph</Filter>
    </ClInclude>
    <ClInclude Include="Headers\boost\graph\labeled_graph.hpp">
      <Filter>Header Files\boost\graph</Filter>
    </ClInclude>
    <ClInclude Include="Headers\boost\graph\leda_graph.hpp">
      <Filter>Header Files\boost\graph</Filter>
    </ClInclude>
    <ClInclude Include="Headers\boost\graph\lookup_edge.hpp">
      <Filter>Header Files\boost\graph</Filter>
    </ClInclude>
    <ClInclude Include="Headers\boost\graph\loop_erased_random_walk.hpp">
      <Filter>Header Files\boost\graph</Filter>
    </ClInclude>
    <ClInclude Include="Headers\boost\graph\make_biconnected_planar.hpp">
      <Filter>Header Files\boost\graph</Filter>
    </ClInclude>
    <ClInclude Include="Headers\boost\graph\make_connected.hpp">
      <Filter>Header Files\boost\graph</Filter>
    </ClInclude>
    <ClInclude Include="Headers\boost\graph\make_maximal_planar.hpp">
      <Filter>Header Files\boost\graph</Filter>
    </ClInclude>
    <ClInclude Include="Headers\boost\graph\matrix_as_graph.hpp">
      <Filter>Header Files\boost\graph</Filter>
    </ClInclude>
    <ClInclude Include="Headers\boost\graph\max_cardinality_matching.hpp">
      <Filter>Header Files\boost\graph</Filter>
    </ClInclude>
    <ClInclude Include="Headers\boost\graph\mcgregor_common_subgraphs.hpp">
      <Filter>Header Files\boost\graph</Filter>
    </ClInclude>
    <ClInclude Include="Headers\boost\graph\mesh_graph_generator.hpp">
      <Filter>Header Files\boost\graph</Filter>
    </ClInclude>
    <ClInclude Include="Headers\boost\graph\metis.hpp">
      <Filter>Header Files\boost\graph</Filter>
    </ClInclude>
    <ClInclude Include="Headers\boost\graph\metric_tsp_approx.hpp">
      <Filter>Header Files\boost\graph</Filter>
    </ClInclude>
    <ClInclude Include="Headers\boost\graph\minimum_degree_ordering.hpp">
      <Filter>Header Files\boost\graph</Filter>
    </ClInclude>
    <ClInclude Include="Headers\boost\graph\named_function_params.hpp">
      <Filter>Header Files\boost\graph</Filter>
    </ClInclude>
    <ClInclude Include="Headers\boost\graph\named_graph.hpp">
      <Filter>Header Files\boost\graph</Filter>
    </ClInclude>
    <ClInclude Include="Headers\boost\graph\neighbor_bfs.hpp">
      <Filter>Header Files\boost\graph</Filter>
    </ClInclude>
    <ClInclude Include="Headers\boost\graph\numeric_values.hpp">
      <Filter>Header Files\boost\graph</Filter>
    </ClInclude>
    <ClInclude Include="Headers\boost\graph\one_bit_color_map.hpp">
      <Filter>Header Files\boost\graph</Filter>
    </ClInclude>
    <ClInclude Include="Headers\boost\graph\overloading.hpp">
      <Filter>Header Files\boost\graph</Filter>
    </ClInclude>
    <ClInclude Include="Headers\boost\graph\page_rank.hpp">
      <Filter>Header Files\boost\graph</Filter>
    </ClInclude>
    <ClInclude Include="Headers\boost\graph\planar_canonical_ordering.hpp">
      <Filter>Header Files\boost\graph</Filter>
    </ClInclude>
    <ClInclude Include="Headers\boost\graph\planar_face_traversal.hpp">
      <Filter>Header Files\boost\graph</Filter>
    </ClInclude>
    <ClInclude Include="Headers\boost\graph\plod_generator.hpp">
      <Filter>Header Files\boost\graph</Filter>
    </ClInclude>
    <ClInclude Include="Headers\boost\graph\point_traits.hpp">
      <Filter>Header Files\boost\graph</Filter>
    </ClInclude>
    <ClInclude Include="Headers\boost\graph\prim_minimum_spanning_tree.hpp">
      <Filter>Header Files\boost\graph</Filter>
    </ClInclude>
    <ClInclude Include="Headers\boost\graph\profile.hpp">
      <Filter>Header Files\boost\graph</Filter>
    </ClInclude>
    <ClInclude Include="Headers\boost\graph\properties.hpp">
      <Filter>Header Files\boost\graph</Filter>
    </ClInclude>
    <ClInclude Include="Headers\boost\graph\property_iter_range.hpp">
      <Filter>Header Files\boost\graph</Filter>
    </ClInclude>
    <ClInclude Include="Headers\boost\graph\push_relabel_max_flow.hpp">
      <Filter>Header Files\boost\graph</Filter>
    </ClInclude>
    <ClInclude Include="Headers\boost\graph\r_c_shortest_paths.hpp">
      <Filter>Header Files\boost\graph</Filter>
    </ClInclude>
    <ClInclude Include="Headers\boost\graph\random.hpp">
      <Filter>Header Files\boost\graph</Filter>
    </ClInclude>
    <ClInclude Include="Headers\boost\graph\random_layout.hpp">
      <Filter>Header Files\boost\graph</Filter>
    </ClInclude>
    <ClInclude Include="Headers\boost\graph\random_spanning_tree.hpp">
      <Filter>Header Files\boost\graph</Filter>
    </ClInclude>
    <ClInclude Include="Headers\boost\graph\read_dimacs.hpp">
      <Filter>Header Files\boost\graph</Filter>
    </ClInclude>
    <ClInclude Include="Headers\boost\graph\relax.hpp">
      <Filter>Header Files\boost\graph</Filter>
    </ClInclude>
    <ClInclude Include="Headers\boost\graph\reverse_graph.hpp">
      <Filter>Header Files\boost\graph</Filter>
    </ClInclude>
    <ClInclude Include="Headers\boost\graph\rmat_graph_generator.hpp">
      <Filter>Header Files\boost\graph</Filter>
    </ClInclude>
    <ClInclude Include="Headers\boost\graph\sequential_vertex_coloring.hpp">
      <Filter>Header Files\boost\graph</Filter>
    </ClInclude>
    <ClInclude Include="Headers\boost\graph\simple_point.hpp">
      <Filter>Header Files\boost\graph</Filter>
    </ClInclude>
    <ClInclude Include="Headers\boost\graph\sloan_ordering.hpp">
      <Filter>Header Files\boost\graph</Filter>
    </ClInclude>
    <ClInclude Include="Headers\boost\graph\small_world_generator.hpp">
      <Filter>Header Files\boost\graph</Filter>
    </ClInclude>
    <ClInclude Include="Headers\boost\graph\smallest_last_ordering.hpp">
      <Filter>Header Files\boost\graph</Filter>
    </ClInclude>
    <ClInclude Include="Headers\boost\graph\ssca_graph_generator.hpp">
      <Filter>Header Files\boost\graph</Filter>
    </ClInclude>
    <ClInclude Include="Headers\boost\graph\st_connected.hpp">
      <Filter>Header Files\boost\graph</Filter>
    </ClInclude>
    <ClInclude Include="Headers\boost\graph\stanford_graph.hpp">
      <Filter>Header Files\boost\graph</Filter>
    </ClInclude>
    <ClInclude Include="Headers\boost\graph\stoer_wagner_min_cut.hpp">
      <Filter>Header Files\boost\graph</Filter>
    </ClInclude>
    <ClInclude Include="Headers\boost\graph\strong_components.hpp">
      <Filter>Header Files\boost\graph</Filter>
    </ClInclude>
    <ClInclude Include="Headers\boost\graph\subgraph.hpp">
      <Filter>Header Files\boost\graph</Filter>
    </ClInclude>
    <ClInclude Include="Headers\boost\graph\tiernan_all_cycles.hpp">
      <Filter>Header Files\boost\graph</Filter>
    </ClInclude>
    <ClInclude Include="Headers\boost\graph\topological_sort.hpp">
      <Filter>Header Files\boost\graph</Filter>
    </ClInclude>
    <ClInclude Include="Headers\boost\graph\topology.hpp">
      <Filter>Header Files\boost\graph</Filter>
    </ClInclude>
    <ClInclude Include="Headers\boost\graph\transitive_closure.hpp">
      <Filter>Header Files\boost\graph</Filter>
    </ClInclude>
    <ClInclude Include="Headers\boost\graph\transitive_reduction.hpp">
      <Filter>Header Files\boost\graph</Filter>
    </ClInclude>
    <ClInclude Include="Headers\boost\graph\transpose_graph.hpp">
      <Filter>Header Files\boost\graph</Filter>
    </ClInclude>
    <ClInclude Include="Headers\boost\graph\tree_traits.hpp">
      <Filter>Header Files\boost\graph</Filter>
    </ClInclude>
    <ClInclude Include="Headers\boost\graph\two_bit_color_map.hpp">
      <Filter>Header Files\boost\graph</Filter>
    </ClInclude>
    <ClInclude Include="Headers\boost\graph\two_graphs_common_spanning_trees.hpp">
      <Filter>Header Files\boost\graph</Filter>
    </ClInclude>
    <ClInclude Include="Headers\boost\graph\undirected_dfs.hpp">
      <Filter>Header Files\boost\graph</Filter>
    </ClInclude>
    <ClInclude Include="Headers\boost\graph\undirected_graph.hpp">
      <Filter>Header Files\boost\graph</Filter>
    </ClInclude>
    <ClInclude Include="Headers\boost\graph\use_mpi.hpp">
      <Filter>Header Files\boost\graph</Filter>
    </ClInclude>
    <ClInclude Include="Headers\boost\graph\vector_as_graph.hpp">
      <Filter>Header Files\boost\graph</Filter>
    </ClInclude>
    <ClInclude Include="Headers\boost\graph\vertex_and_edge_range.hpp">
      <Filter>Header Files\boost\graph</Filter>
    </ClInclude>
    <ClInclude Include="Headers\boost\graph\vf2_sub_graph_iso.hpp">
      <Filter>Header Files\boost\graph</Filter>
    </ClInclude>
    <ClInclude Include="Headers\boost\graph\visitors.hpp">
      <Filter>Header Files\boost\graph</Filter>
    </ClInclude>
    <ClInclude Include="Headers\boost\graph\wavefront.hpp">
      <Filter>Header Files\boost\graph</Filter>
    </ClInclude>
    <ClInclude Include="Headers\boost\graph\write_dimacs.hpp">
      <Filter>Header Files\boost\graph</Filter>
    </ClInclude>
    <ClInclude Include="Headers\boost\detail\algorithm.hpp">
      <Filter>Header Files\boost\detail</Filter>
    </ClInclude>
    <ClInclude Include="Headers\boost\detail\allocator_utilities.hpp">
      <Filter>Header Files\boost\detail</Filter>
    </ClInclude>
    <ClInclude Include="Headers\boost\detail\atomic_count.hpp">
      <Filter>Header Files\boost\detail</Filter>
    </ClInclude>
    <ClInclude Include="Headers\boost\detail\binary_search.hpp">
      <Filter>Header Files\boost\detail</Filter>
    </ClInclude>
    <ClInclude Include="Headers\boost\detail\bitmask.hpp">
      <Filter>Header Files\boost\detail</Filter>
    </ClInclude>
    <ClInclude Include="Headers\boost\detail\call_traits.hpp">
      <Filter>Header Files\boost\detail</Filter>
    </ClInclude>
    <ClInclude Include="Headers\boost\detail\catch_exceptions.hpp">
      <Filter>Header Files\boost\detail</Filter>
    </ClInclude>
    <ClInclude Include="Headers\boost\detail\compressed_pair.hpp">
      <Filter>Header Files\boost\detail</Filter>
    </ClInclude>
    <ClInclude Include="Headers\boost\detail\container_fwd.hpp">
      <Filter>Header Files\boost\detail</Filter>
    </ClInclude>
    <ClInclude Include="Headers\boost\detail\dynamic_bitset.hpp">
      <Filter>Header Files\boost\detail</Filter>
    </ClInclude>
    <ClInclude Include="Headers\boost\detail\endian.hpp">
      <Filter>Header Files\boost\detail</Filter>
    </ClInclude>
    <ClInclude Include="Headers\boost\detail\fenv.hpp">
      <Filter>Header Files\boost\detail</Filter>
    </ClInclude>
    <ClInclude Include="Headers\boost\detail\has_default_constructor.hpp">
      <Filter>Header Files\boost\detail</Filter>
    </ClInclude>
    <ClInclude Include="Headers\boost\detail\identifier.hpp">
      <Filter>Header Files\boost\detail</Filter>
    </ClInclude>
    <ClInclude Include="Headers\boost\detail\indirect_traits.hpp">
      <Filter>Header Files\boost\detail</Filter>
    </ClInclude>
    <ClInclude Include="Headers\boost\detail\interlocked.hpp">
      <Filter>Header Files\boost\detail</Filter>
    </ClInclude>
    <ClInclude Include="Headers\boost\detail\is_function_ref_tester.hpp">
      <Filter>Header Files\boost\detail</Filter>
    </ClInclude>
    <ClInclude Include="Headers\boost\detail\is_incrementable.hpp">
      <Filter>Header Files\boost\detail</Filter>
    </ClInclude>
    <ClInclude Include="Headers\boost\detail\is_sorted.hpp">
      <Filter>Header Files\boost\detail</Filter>
    </ClInclude>
    <ClInclude Include="Headers\boost\detail\is_xxx.hpp">
      <Filter>Header Files\boost\detail</Filter>
    </ClInclude>
    <ClInclude Include="Headers\boost\detail\iterator.hpp">
      <Filter>Header Files\boost\detail</Filter>
    </ClInclude>
    <ClInclude Include="Headers\boost\detail\lcast_precision.hpp">
      <Filter>Header Files\boost\detail</Filter>
    </ClInclude>
    <ClInclude Include="Headers\boost\detail\lightweight_main.hpp">
      <Filter>Header Files\boost\detail</Filter>
    </ClInclude>
    <ClInclude Include="Headers\boost\detail\lightweight_mutex.hpp">
      <Filter>Header Files\boost\detail</Filter>
    </ClInclude>
    <ClInclude Include="Headers\boost\detail\lightweight_test.hpp">
      <Filter>Header Files\boost\detail</Filter>
    </ClInclude>
    <ClInclude Include="Headers\boost\detail\lightweight_thread.hpp">
      <Filter>Header Files\boost\detail</Filter>
    </ClInclude>
    <ClInclude Include="Headers\boost\detail\limits.hpp">
      <Filter>Header Files\boost\detail</Filter>
    </ClInclude>
    <ClInclude Include="Headers\boost\detail\named_template_params.hpp">
      <Filter>Header Files\boost\detail</Filter>
    </ClInclude>
    <ClInclude Include="Headers\boost\detail\no_exceptions_support.hpp">
      <Filter>Header Files\boost\detail</Filter>
    </ClInclude>
    <ClInclude Include="Headers\boost\detail\none_t.hpp">
      <Filter>Header Files\boost\detail</Filter>
    </ClInclude>
    <ClInclude Include="Headers\boost\detail\numeric_traits.hpp">
      <Filter>Header Files\boost\detail</Filter>
    </ClInclude>
    <ClInclude Include="Headers\boost\detail\ob_call_traits.hpp">
      <Filter>Header Files\boost\detail</Filter>
    </ClInclude>
    <ClInclude Include="Headers\boost\detail\ob_compressed_pair.hpp">
      <Filter>Header Files\boost\detail</Filter>
    </ClInclude>
    <ClInclude Include="Headers\boost\detail\quick_allocator.hpp">
      <Filter>Header Files\boost\detail</Filter>
    </ClInclude>
    <ClInclude Include="Headers\boost\detail\reference_content.hpp">
      <Filter>Header Files\boost\detail</Filter>
    </ClInclude>
    <ClInclude Include="Headers\boost\detail\scoped_enum_emulation.hpp">
      <Filter>Header Files\boost\detail</Filter>
    </ClInclude>
    <ClInclude Include="Headers\boost\detail\select_type.hpp">
      <Filter>Header Files\boost\detail</Filter>
    </ClInclude>
    <ClInclude Include="Headers\boost\detail\sp_typeinfo.hpp">
      <Filter>Header Files\boost\detail</Filter>
    </ClInclude>
    <ClInclude Include="Headers\boost\detail\templated_streams.hpp">
      <Filter>Header Files\boost\detail</Filter>
    </ClInclude>
    <ClInclude Include="Headers\boost\detail\utf8_codecvt_facet.hpp">
      <Filter>Header Files\boost\detail</Filter>
    </ClInclude>
    <ClInclude Include="Headers\boost\detail\workaround.hpp">
      <Filter>Header Files\boost\detail</Filter>
    </ClInclude>
    <ClInclude Include="Headers\boost\mpl\accumulate.hpp">
      <Filter>Header Files\boost\mpl</Filter>
    </ClInclude>
    <ClInclude Include="Headers\boost\mpl\advance.hpp">
      <Filter>Header Files\boost\mpl</Filter>
    </ClInclude>
    <ClInclude Include="Headers\boost\mpl\advance_fwd.hpp">
      <Filter>Header Files\boost\mpl</Filter>
    </ClInclude>
    <ClInclude Include="Headers\boost\mpl\alias.hpp">
      <Filter>Header Files\boost\mpl</Filter>
    </ClInclude>
    <ClInclude Include="Headers\boost\mpl\always.hpp">
      <Filter>Header Files\boost\mpl</Filter>
    </ClInclude>
    <ClInclude Include="Headers\boost\mpl\and.hpp">
      <Filter>Header Files\boost\mpl</Filter>
    </ClInclude>
    <ClInclude Include="Headers\boost\mpl\apply.hpp">
      <Filter>Header Files\boost\mpl</Filter>
    </ClInclude>
    <ClInclude Include="Headers\boost\mpl\apply_fwd.hpp">
      <Filter>Header Files\boost\mpl</Filter>
    </ClInclude>
    <ClInclude Include="Headers\boost\mpl\apply_wrap.hpp">
      <Filter>Header Files\boost\mpl</Filter>
    </ClInclude>
    <ClInclude Include="Headers\boost\mpl\arg.hpp">
      <Filter>Header Files\boost\mpl</Filter>
    </ClInclude>
    <ClInclude Include="Headers\boost\mpl\arg_fwd.hpp">
      <Filter>Header Files\boost\mpl</Filter>
    </ClInclude>
    <ClInclude Include="Headers\boost\mpl\arithmetic.hpp">
      <Filter>Header Files\boost\mpl</Filter>
    </ClInclude>
    <ClInclude Include="Headers\boost\mpl\as_sequence.hpp">
      <Filter>Header Files\boost\mpl</Filter>
    </ClInclude>
    <ClInclude Include="Headers\boost\mpl\assert.hpp">
      <Filter>Header Files\boost\mpl</Filter>
    </ClInclude>
    <ClInclude Include="Headers\boost\mpl\at.hpp">
      <Filter>Header Files\boost\mpl</Filter>
    </ClInclude>
    <ClInclude Include="Headers\boost\mpl\at_fwd.hpp">
      <Filter>Header Files\boost\mpl</Filter>
    </ClInclude>
    <ClInclude Include="Headers\boost\mpl\back.hpp">
      <Filter>Header Files\boost\mpl</Filter>
    </ClInclude>
    <ClInclude Include="Headers\boost\mpl\back_fwd.hpp">
      <Filter>Header Files\boost\mpl</Filter>
    </ClInclude>
    <ClInclude Include="Headers\boost\mpl\back_inserter.hpp">
      <Filter>Header Files\boost\mpl</Filter>
    </ClInclude>
    <ClInclude Include="Headers\boost\mpl\base.hpp">
      <Filter>Header Files\boost\mpl</Filter>
    </ClInclude>
    <ClInclude Include="Headers\boost\mpl\begin.hpp">
      <Filter>Header Files\boost\mpl</Filter>
    </ClInclude>
    <ClInclude Include="Headers\boost\mpl\begin_end.hpp">
      <Filter>Header Files\boost\mpl</Filter>
    </ClInclude>
    <ClInclude Include="Headers\boost\mpl\begin_end_fwd.hpp">
      <Filter>Header Files\boost\mpl</Filter>
    </ClInclude>
    <ClInclude Include="Headers\boost\mpl\bind.hpp">
      <Filter>Header Files\boost\mpl</Filter>
    </ClInclude>
    <ClInclude Include="Headers\boost\mpl\bind_fwd.hpp">
      <Filter>Header Files\boost\mpl</Filter>
    </ClInclude>
    <ClInclude Include="Headers\boost\mpl\bitand.hpp">
      <Filter>Header Files\boost\mpl</Filter>
    </ClInclude>
    <ClInclude Include="Headers\boost\mpl\bitor.hpp">
      <Filter>Header Files\boost\mpl</Filter>
    </ClInclude>
    <ClInclude Include="Headers\boost\mpl\bitwise.hpp">
      <Filter>Header Files\boost\mpl</Filter>
    </ClInclude>
    <ClInclude Include="Headers\boost\mpl\bitxor.hpp">
      <Filter>Header Files\boost\mpl</Filter>
    </ClInclude>
    <ClInclude Include="Headers\boost\mpl\bool.hpp">
      <Filter>Header Files\boost\mpl</Filter>
    </ClInclude>
    <ClInclude Include="Headers\boost\mpl\bool_fwd.hpp">
      <Filter>Header Files\boost\mpl</Filter>
    </ClInclude>
    <ClInclude Include="Headers\boost\mpl\char.hpp">
      <Filter>Header Files\boost\mpl</Filter>
    </ClInclude>
    <ClInclude Include="Headers\boost\mpl\char_fwd.hpp">
      <Filter>Header Files\boost\mpl</Filter>
    </ClInclude>
    <ClInclude Include="Headers\boost\mpl\clear.hpp">
      <Filter>Header Files\boost\mpl</Filter>
    </ClInclude>
    <ClInclude Include="Headers\boost\mpl\clear_fwd.hpp">
      <Filter>Header Files\boost\mpl</Filter>
    </ClInclude>
    <ClInclude Include="Headers\boost\mpl\comparison.hpp">
      <Filter>Header Files\boost\mpl</Filter>
    </ClInclude>
    <ClInclude Include="Headers\boost\mpl\contains.hpp">
      <Filter>Header Files\boost\mpl</Filter>
    </ClInclude>
    <ClInclude Include="Headers\boost\mpl\contains_fwd.hpp">
      <Filter>Header Files\boost\mpl</Filter>
    </ClInclude>
    <ClInclude Include="Headers\boost\mpl\copy.hpp">
      <Filter>Header Files\boost\mpl</Filter>
    </ClInclude>
    <ClInclude Include="Headers\boost\mpl\copy_if.hpp">
      <Filter>Header Files\boost\mpl</Filter>
    </ClInclude>
    <ClInclude Include="Headers\boost\mpl\count.hpp">
      <Filter>Header Files\boost\mpl</Filter>
    </ClInclude>
    <ClInclude Include="Headers\boost\mpl\count_fwd.hpp">
      <Filter>Header Files\boost\mpl</Filter>
    </ClInclude>
    <ClInclude Include="Headers\boost\mpl\count_if.hpp">
      <Filter>Header Files\boost\mpl</Filter>
    </ClInclude>
    <ClInclude Include="Headers\boost\mpl\deque.hpp">
      <Filter>Header Files\boost\mpl</Filter>
    </ClInclude>
    <ClInclude Include="Headers\boost\mpl\deref.hpp">
      <Filter>Header Files\boost\mpl</Filter>
    </ClInclude>
    <ClInclude Include="Headers\boost\mpl\distance.hpp">
      <Filter>Header Files\boost\mpl</Filter>
    </ClInclude>
    <ClInclude Include="Headers\boost\mpl\distance_fwd.hpp">
      <Filter>Header Files\boost\mpl</Filter>
    </ClInclude>
    <ClInclude Include="Headers\boost\mpl\divides.hpp">
      <Filter>Header Files\boost\mpl</Filter>
    </ClInclude>
    <ClInclude Include="Headers\boost\mpl\empty.hpp">
      <Filter>Header Files\boost\mpl</Filter>
    </ClInclude>
    <ClInclude Include="Headers\boost\mpl\empty_base.hpp">
      <Filter>Header Files\boost\mpl</Filter>
    </ClInclude>
    <ClInclude Include="Headers\boost\mpl\empty_fwd.hpp">
      <Filter>Header Files\boost\mpl</Filter>
    </ClInclude>
    <ClInclude Include="Headers\boost\mpl\empty_sequence.hpp">
      <Filter>Header Files\boost\mpl</Filter>
    </ClInclude>
    <ClInclude Include="Headers\boost\mpl\end.hpp">
      <Filter>Header Files\boost\mpl</Filter>
    </ClInclude>
    <ClInclude Include="Headers\boost\mpl\equal.hpp">
      <Filter>Header Files\boost\mpl</Filter>
    </ClInclude>
    <ClInclude Include="Headers\boost\mpl\equal_to.hpp">
      <Filter>Header Files\boost\mpl</Filter>
    </ClInclude>
    <ClInclude Include="Headers\boost\mpl\erase.hpp">
      <Filter>Header Files\boost\mpl</Filter>
    </ClInclude>
    <ClInclude Include="Headers\boost\mpl\erase_fwd.hpp">
      <Filter>Header Files\boost\mpl</Filter>
    </ClInclude>
    <ClInclude Include="Headers\boost\mpl\erase_key.hpp">
      <Filter>Header Files\boost\mpl</Filter>
    </ClInclude>
    <ClInclude Include="Headers\boost\mpl\erase_key_fwd.hpp">
      <Filter>Header Files\boost\mpl</Filter>
    </ClInclude>
    <ClInclude Include="Headers\boost\mpl\eval_if.hpp">
      <Filter>Header Files\boost\mpl</Filter>
    </ClInclude>
    <ClInclude Include="Headers\boost\mpl\filter_view.hpp">
      <Filter>Header Files\boost\mpl</Filter>
    </ClInclude>
    <ClInclude Include="Headers\boost\mpl\find.hpp">
      <Filter>Header Files\boost\mpl</Filter>
    </ClInclude>
    <ClInclude Include="Headers\boost\mpl\find_if.hpp">
      <Filter>Header Files\boost\mpl</Filter>
    </ClInclude>
    <ClInclude Include="Headers\boost\mpl\fold.hpp">
      <Filter>Header Files\boost\mpl</Filter>
    </ClInclude>
    <ClInclude Include="Headers\boost\mpl\for_each.hpp">
      <Filter>Header Files\boost\mpl</Filter>
    </ClInclude>
    <ClInclude Include="Headers\boost\mpl\front.hpp">
      <Filter>Header Files\boost\mpl</Filter>
    </ClInclude>
    <ClInclude Include="Headers\boost\mpl\front_fwd.hpp">
      <Filter>Header Files\boost\mpl</Filter>
    </ClInclude>
    <ClInclude Include="Headers\boost\mpl\front_inserter.hpp">
      <Filter>Header Files\boost\mpl</Filter>
    </ClInclude>
    <ClInclude Include="Headers\boost\mpl\greater.hpp">
      <Filter>Header Files\boost\mpl</Filter>
    </ClInclude>
    <ClInclude Include="Headers\boost\mpl\greater_equal.hpp">
      <Filter>Header Files\boost\mpl</Filter>
    </ClInclude>
    <ClInclude Include="Headers\boost\mpl\has_key.hpp">
      <Filter>Header Files\boost\mpl</Filter>
    </ClInclude>
    <ClInclude Include="Headers\boost\mpl\has_key_fwd.hpp">
      <Filter>Header Files\boost\mpl</Filter>
    </ClInclude>
    <ClInclude Include="Headers\boost\mpl\has_xxx.hpp">
      <Filter>Header Files\boost\mpl</Filter>
    </ClInclude>
    <ClInclude Include="Headers\boost\mpl\identity.hpp">
      <Filter>Header Files\boost\mpl</Filter>
    </ClInclude>
    <ClInclude Include="Headers\boost\mpl\if.hpp">
      <Filter>Header Files\boost\mpl</Filter>
    </ClInclude>
    <ClInclude Include="Headers\boost\mpl\index_if.hpp">
      <Filter>Header Files\boost\mpl</Filter>
    </ClInclude>
    <ClInclude Include="Headers\boost\mpl\index_of.hpp">
      <Filter>Header Files\boost\mpl</Filter>
    </ClInclude>
    <ClInclude Include="Headers\boost\mpl\inherit.hpp">
      <Filter>Header Files\boost\mpl</Filter>
    </ClInclude>
    <ClInclude Include="Headers\boost\mpl\inherit_linearly.hpp">
      <Filter>Header Files\boost\mpl</Filter>
    </ClInclude>
    <ClInclude Include="Headers\boost\mpl\insert.hpp">
      <Filter>Header Files\boost\mpl</Filter>
    </ClInclude>
    <ClInclude Include="Headers\boost\mpl\insert_fwd.hpp">
      <Filter>Header Files\boost\mpl</Filter>
    </ClInclude>
    <ClInclude Include="Headers\boost\mpl\insert_range.hpp">
      <Filter>Header Files\boost\mpl</Filter>
    </ClInclude>
    <ClInclude Include="Headers\boost\mpl\insert_range_fwd.hpp">
      <Filter>Header Files\boost\mpl</Filter>
    </ClInclude>
    <ClInclude Include="Headers\boost\mpl\inserter.hpp">
      <Filter>Header Files\boost\mpl</Filter>
    </ClInclude>
    <ClInclude Include="Headers\boost\mpl\int.hpp">
      <Filter>Header Files\boost\mpl</Filter>
    </ClInclude>
    <ClInclude Include="Headers\boost\mpl\int_fwd.hpp">
      <Filter>Header Files\boost\mpl</Filter>
    </ClInclude>
    <ClInclude Include="Headers\boost\mpl\integral_c.hpp">
      <Filter>Header Files\boost\mpl</Filter>
    </ClInclude>
    <ClInclude Include="Headers\boost\mpl\integral_c_fwd.hpp">
      <Filter>Header Files\boost\mpl</Filter>
    </ClInclude>
    <ClInclude Include="Headers\boost\mpl\integral_c_tag.hpp">
      <Filter>Header Files\boost\mpl</Filter>
    </ClInclude>
    <ClInclude Include="Headers\boost\mpl\is_placeholder.hpp">
      <Filter>Header Files\boost\mpl</Filter>
    </ClInclude>
    <ClInclude Include="Headers\boost\mpl\is_sequence.hpp">
      <Filter>Header Files\boost\mpl</Filter>
    </ClInclude>
    <ClInclude Include="Headers\boost\mpl\iter_fold.hpp">
      <Filter>Header Files\boost\mpl</Filter>
    </ClInclude>
    <ClInclude Include="Headers\boost\mpl\iter_fold_if.hpp">
      <Filter>Header Files\boost\mpl</Filter>
    </ClInclude>
    <ClInclude Include="Headers\boost\mpl\iterator_category.hpp">
      <Filter>Header Files\boost\mpl</Filter>
    </ClInclude>
    <ClInclude Include="Headers\boost\mpl\iterator_range.hpp">
      <Filter>Header Files\boost\mpl</Filter>
    </ClInclude>
    <ClInclude Include="Headers\boost\mpl\iterator_tags.hpp">
      <Filter>Header Files\boost\mpl</Filter>
    </ClInclude>
    <ClInclude Include="Headers\boost\mpl\joint_view.hpp">
      <Filter>Header Files\boost\mpl</Filter>
    </ClInclude>
    <ClInclude Include="Headers\boost\mpl\key_type.hpp">
      <Filter>Header Files\boost\mpl</Filter>
    </ClInclude>
    <ClInclude Include="Headers\boost\mpl\key_type_fwd.hpp">
      <Filter>Header Files\boost\mpl</Filter>
    </ClInclude>
    <ClInclude Include="Headers\boost\mpl\lambda.hpp">
      <Filter>Header Files\boost\mpl</Filter>
    </ClInclude>
    <ClInclude Include="Headers\boost\mpl\lambda_fwd.hpp">
      <Filter>Header Files\boost\mpl</Filter>
    </ClInclude>
    <ClInclude Include="Headers\boost\mpl\less.hpp">
      <Filter>Header Files\boost\mpl</Filter>
    </ClInclude>
    <ClInclude Include="Headers\boost\mpl\less_equal.hpp">
      <Filter>Header Files\boost\mpl</Filter>
    </ClInclude>
    <ClInclude Include="Headers\boost\mpl\list.hpp">
      <Filter>Header Files\boost\mpl</Filter>
    </ClInclude>
    <ClInclude Include="Headers\boost\mpl\list_c.hpp">
      <Filter>Header Files\boost\mpl</Filter>
    </ClInclude>
    <ClInclude Include="Headers\boost\mpl\logical.hpp">
      <Filter>Header Files\boost\mpl</Filter>
    </ClInclude>
    <ClInclude Include="Headers\boost\mpl\long.hpp">
      <Filter>Header Files\boost\mpl</Filter>
    </ClInclude>
    <ClInclude Include="Headers\boost\mpl\long_fwd.hpp">
      <Filter>Header Files\boost\mpl</Filter>
    </ClInclude>
    <ClInclude Include="Headers\boost\mpl\lower_bound.hpp">
      <Filter>Header Files\boost\mpl</Filter>
    </ClInclude>
    <ClInclude Include="Headers\boost\mpl\map.hpp">
      <Filter>Header Files\boost\mpl</Filter>
    </ClInclude>
    <ClInclude Include="Headers\boost\mpl\max.hpp">
      <Filter>Header Files\boost\mpl</Filter>
    </ClInclude>
    <ClInclude Include="Headers\boost\mpl\max_element.hpp">
      <Filter>Header Files\boost\mpl</Filter>
    </ClInclude>
    <ClInclude Include="Headers\boost\mpl\min.hpp">
      <Filter>Header Files\boost\mpl</Filter>
    </ClInclude>
    <ClInclude Include="Headers\boost\mpl\min_element.hpp">
      <Filter>Header Files\boost\mpl</Filter>
    </ClInclude>
    <ClInclude Include="Headers\boost\mpl\min_max.hpp">
      <Filter>Header Files\boost\mpl</Filter>
    </ClInclude>
    <ClInclude Include="Headers\boost\mpl\minus.hpp">
      <Filter>Header Files\boost\mpl</Filter>
    </ClInclude>
    <ClInclude Include="Headers\boost\mpl\modulus.hpp">
      <Filter>Header Files\boost\mpl</Filter>
    </ClInclude>
    <ClInclude Include="Headers\boost\mpl\multiplies.hpp">
      <Filter>Header Files\boost\mpl</Filter>
    </ClInclude>
    <ClInclude Include="Headers\boost\mpl\negate.hpp">
      <Filter>Header Files\boost\mpl</Filter>
    </ClInclude>
    <ClInclude Include="Headers\boost\mpl\next.hpp">
      <Filter>Header Files\boost\mpl</Filter>
    </ClInclude>
    <ClInclude Include="Headers\boost\mpl\next_prior.hpp">
      <Filter>Header Files\boost\mpl</Filter>
    </ClInclude>
    <ClInclude Include="Headers\boost\mpl\not.hpp">
      <Filter>Header Files\boost\mpl</Filter>
    </ClInclude>
    <ClInclude Include="Headers\boost\mpl\not_equal_to.hpp">
      <Filter>Header Files\boost\mpl</Filter>
    </ClInclude>
    <ClInclude Include="Headers\boost\mpl\numeric_cast.hpp">
      <Filter>Header Files\boost\mpl</Filter>
    </ClInclude>
    <ClInclude Include="Headers\boost\mpl\O1_size.hpp">
      <Filter>Header Files\boost\mpl</Filter>
    </ClInclude>
    <ClInclude Include="Headers\boost\mpl\O1_size_fwd.hpp">
      <Filter>Header Files\boost\mpl</Filter>
    </ClInclude>
    <ClInclude Include="Headers\boost\mpl\or.hpp">
      <Filter>Header Files\boost\mpl</Filter>
    </ClInclude>
    <ClInclude Include="Headers\boost\mpl\order.hpp">
      <Filter>Header Files\boost\mpl</Filter>
    </ClInclude>
    <ClInclude Include="Headers\boost\mpl\order_fwd.hpp">
      <Filter>Header Files\boost\mpl</Filter>
    </ClInclude>
    <ClInclude Include="Headers\boost\mpl\pair.hpp">
      <Filter>Header Files\boost\mpl</Filter>
    </ClInclude>
    <ClInclude Include="Headers\boost\mpl\pair_view.hpp">
      <Filter>Header Files\boost\mpl</Filter>
    </ClInclude>
    <ClInclude Include="Headers\boost\mpl\partition.hpp">
      <Filter>Header Files\boost\mpl</Filter>
    </ClInclude>
    <ClInclude Include="Headers\boost\mpl\placeholders.hpp">
      <Filter>Header Files\boost\mpl</Filter>
    </ClInclude>
    <ClInclude Include="Headers\boost\mpl\plus.hpp">
      <Filter>Header Files\boost\mpl</Filter>
    </ClInclude>
    <ClInclude Include="Headers\boost\mpl\pop_back.hpp">
      <Filter>Header Files\boost\mpl</Filter>
    </ClInclude>
    <ClInclude Include="Headers\boost\mpl\pop_back_fwd.hpp">
      <Filter>Header Files\boost\mpl</Filter>
    </ClInclude>
    <ClInclude Include="Headers\boost\mpl\pop_front.hpp">
      <Filter>Header Files\boost\mpl</Filter>
    </ClInclude>
    <ClInclude Include="Headers\boost\mpl\pop_front_fwd.hpp">
      <Filter>Header Files\boost\mpl</Filter>
    </ClInclude>
    <ClInclude Include="Headers\boost\mpl\print.hpp">
      <Filter>Header Files\boost\mpl</Filter>
    </ClInclude>
    <ClInclude Include="Headers\boost\mpl\prior.hpp">
      <Filter>Header Files\boost\mpl</Filter>
    </ClInclude>
    <ClInclude Include="Headers\boost\mpl\protect.hpp">
      <Filter>Header Files\boost\mpl</Filter>
    </ClInclude>
    <ClInclude Include="Headers\boost\mpl\push_back.hpp">
      <Filter>Header Files\boost\mpl</Filter>
    </ClInclude>
    <ClInclude Include="Headers\boost\mpl\push_back_fwd.hpp">
      <Filter>Header Files\boost\mpl</Filter>
    </ClInclude>
    <ClInclude Include="Headers\boost\mpl\push_front.hpp">
      <Filter>Header Files\boost\mpl</Filter>
    </ClInclude>
    <ClInclude Include="Headers\boost\mpl\push_front_fwd.hpp">
      <Filter>Header Files\boost\mpl</Filter>
    </ClInclude>
    <ClInclude Include="Headers\boost\mpl\quote.hpp">
      <Filter>Header Files\boost\mpl</Filter>
    </ClInclude>
    <ClInclude Include="Headers\boost\mpl\range_c.hpp">
      <Filter>Header Files\boost\mpl</Filter>
    </ClInclude>
    <ClInclude Include="Headers\boost\mpl\remove.hpp">
      <Filter>Header Files\boost\mpl</Filter>
    </ClInclude>
    <ClInclude Include="Headers\boost\mpl\remove_if.hpp">
      <Filter>Header Files\boost\mpl</Filter>
    </ClInclude>
    <ClInclude Include="Headers\boost\mpl\replace.hpp">
      <Filter>Header Files\boost\mpl</Filter>
    </ClInclude>
    <ClInclude Include="Headers\boost\mpl\replace_if.hpp">
      <Filter>Header Files\boost\mpl</Filter>
    </ClInclude>
    <ClInclude Include="Headers\boost\mpl\reverse.hpp">
      <Filter>Header Files\boost\mpl</Filter>
    </ClInclude>
    <ClInclude Include="Headers\boost\mpl\reverse_fold.hpp">
      <Filter>Header Files\boost\mpl</Filter>
    </ClInclude>
    <ClInclude Include="Headers\boost\mpl\reverse_iter_fold.hpp">
      <Filter>Header Files\boost\mpl</Filter>
    </ClInclude>
    <ClInclude Include="Headers\boost\mpl\same_as.hpp">
      <Filter>Header Files\boost\mpl</Filter>
    </ClInclude>
    <ClInclude Include="Headers\boost\mpl\sequence_tag.hpp">
      <Filter>Header Files\boost\mpl</Filter>
    </ClInclude>
    <ClInclude Include="Headers\boost\mpl\sequence_tag_fwd.hpp">
      <Filter>Header Files\boost\mpl</Filter>
    </ClInclude>
    <ClInclude Include="Headers\boost\mpl\set.hpp">
      <Filter>Header Files\boost\mpl</Filter>
    </ClInclude>
    <ClInclude Include="Headers\boost\mpl\set_c.hpp">
      <Filter>Header Files\boost\mpl</Filter>
    </ClInclude>
    <ClInclude Include="Headers\boost\mpl\shift_left.hpp">
      <Filter>Header Files\boost\mpl</Filter>
    </ClInclude>
    <ClInclude Include="Headers\boost\mpl\shift_right.hpp">
      <Filter>Header Files\boost\mpl</Filter>
    </ClInclude>
    <ClInclude Include="Headers\boost\mpl\single_view.hpp">
      <Filter>Header Files\boost\mpl</Filter>
    </ClInclude>
    <ClInclude Include="Headers\boost\mpl\size.hpp">
      <Filter>Header Files\boost\mpl</Filter>
    </ClInclude>
    <ClInclude Include="Headers\boost\mpl\size_fwd.hpp">
      <Filter>Header Files\boost\mpl</Filter>
    </ClInclude>
    <ClInclude Include="Headers\boost\mpl\size_t.hpp">
      <Filter>Header Files\boost\mpl</Filter>
    </ClInclude>
    <ClInclude Include="Headers\boost\mpl\size_t_fwd.hpp">
      <Filter>Header Files\boost\mpl</Filter>
    </ClInclude>
    <ClInclude Include="Headers\boost\mpl\sizeof.hpp">
      <Filter>Header Files\boost\mpl</Filter>
    </ClInclude>
    <ClInclude Include="Headers\boost\mpl\sort.hpp">
      <Filter>Header Files\boost\mpl</Filter>
    </ClInclude>
    <ClInclude Include="Headers\boost\mpl\stable_partition.hpp">
      <Filter>Header Files\boost\mpl</Filter>
    </ClInclude>
    <ClInclude Include="Headers\boost\mpl\string.hpp">
      <Filter>Header Files\boost\mpl</Filter>
    </ClInclude>
    <ClInclude Include="Headers\boost\mpl\switch.hpp">
      <Filter>Header Files\boost\mpl</Filter>
    </ClInclude>
    <ClInclude Include="Headers\boost\mpl\tag.hpp">
      <Filter>Header Files\boost\mpl</Filter>
    </ClInclude>
    <ClInclude Include="Headers\boost\mpl\times.hpp">
      <Filter>Header Files\boost\mpl</Filter>
    </ClInclude>
    <ClInclude Include="Headers\boost\mpl\transform.hpp">
      <Filter>Header Files\boost\mpl</Filter>
    </ClInclude>
    <ClInclude Include="Headers\boost\mpl\transform_view.hpp">
      <Filter>Header Files\boost\mpl</Filter>
    </ClInclude>
    <ClInclude Include="Headers\boost\mpl\unique.hpp">
      <Filter>Header Files\boost\mpl</Filter>
    </ClInclude>
    <ClInclude Include="Headers\boost\mpl\unpack_args.hpp">
      <Filter>Header Files\boost\mpl</Filter>
    </ClInclude>
    <ClInclude Include="Headers\boost\mpl\upper_bound.hpp">
      <Filter>Header Files\boost\mpl</Filter>
    </ClInclude>
    <ClInclude Include="Headers\boost\mpl\value_type.hpp">
      <Filter>Header Files\boost\mpl</Filter>
    </ClInclude>
    <ClInclude Include="Headers\boost\mpl\value_type_fwd.hpp">
      <Filter>Header Files\boost\mpl</Filter>
    </ClInclude>
    <ClInclude Include="Headers\boost\mpl\vector.hpp">
      <Filter>Header Files\boost\mpl</Filter>
    </ClInclude>
    <ClInclude Include="Headers\boost\mpl\vector_c.hpp">
      <Filter>Header Files\boost\mpl</Filter>
    </ClInclude>
    <ClInclude Include="Headers\boost\mpl\void.hpp">
      <Filter>Header Files\boost\mpl</Filter>
    </ClInclude>
    <ClInclude Include="Headers\boost\mpl\void_fwd.hpp">
      <Filter>Header Files\boost\mpl</Filter>
    </ClInclude>
    <ClInclude Include="Headers\boost\mpl\zip_view.hpp">
      <Filter>Header Files\boost\mpl</Filter>
    </ClInclude>
    <ClInclude Include="Headers\boost\utility\addressof.hpp">
      <Filter>Header Files\boost\utility</Filter>
    </ClInclude>
    <ClInclude Include="Headers\boost\utility\base_from_member.hpp">
      <Filter>Header Files\boost\utility</Filter>
    </ClInclude>
    <ClInclude Include="Headers\boost\utility\binary.hpp">
      <Filter>Header Files\boost\utility</Filter>
    </ClInclude>
    <ClInclude Include="Headers\boost\utility\compare_pointees.hpp">
      <Filter>Header Files\boost\utility</Filter>
    </ClInclude>
    <ClInclude Include="Headers\boost\utility\declval.hpp">
      <Filter>Header Files\boost\utility</Filter>
    </ClInclude>
    <ClInclude Include="Headers\boost\utility\enable_if.hpp">
      <Filter>Header Files\boost\utility</Filter>
    </ClInclude>
    <ClInclude Include="Headers\boost\utility\identity_type.hpp">
      <Filter>Header Files\boost\utility</Filter>
    </ClInclude>
    <ClInclude Include="Headers\boost\utility\in_place_factory.hpp">
      <Filter>Header Files\boost\utility</Filter>
    </ClInclude>
    <ClInclude Include="Headers\boost\utility\result_of.hpp">
      <Filter>Header Files\boost\utility</Filter>
    </ClInclude>
    <ClInclude Include="Headers\boost\utility\string_ref.hpp">
      <Filter>Header Files\boost\utility</Filter>
    </ClInclude>
    <ClInclude Include="Headers\boost\utility\swap.hpp">
      <Filter>Header Files\boost\utility</Filter>
    </ClInclude>
    <ClInclude Include="Headers\boost\utility\typed_in_place_factory.hpp">
      <Filter>Header Files\boost\utility</Filter>
    </ClInclude>
    <ClInclude Include="Headers\boost\utility\value_init.hpp">
      <Filter>Header Files\boost\utility</Filter>
    </ClInclude>
    <ClInclude Include="Headers\boost\type_traits\add_const.hpp">
      <Filter>Header Files\boost\type_traits</Filter>
    </ClInclude>
    <ClInclude Include="Headers\boost\type_traits\add_cv.hpp">
      <Filter>Header Files\boost\type_traits</Filter>
    </ClInclude>
    <ClInclude Include="Headers\boost\type_traits\add_lvalue_reference.hpp">
      <Filter>Header Files\boost\type_traits</Filter>
    </ClInclude>
    <ClInclude Include="Headers\boost\type_traits\add_pointer.hpp">
      <Filter>Header Files\boost\type_traits</Filter>
    </ClInclude>
    <ClInclude Include="Headers\boost\type_traits\add_reference.hpp">
      <Filter>Header Files\boost\type_traits</Filter>
    </ClInclude>
    <ClInclude Include="Headers\boost\type_traits\add_rvalue_reference.hpp">
      <Filter>Header Files\boost\type_traits</Filter>
    </ClInclude>
    <ClInclude Include="Headers\boost\type_traits\add_volatile.hpp">
      <Filter>Header Files\boost\type_traits</Filter>
    </ClInclude>
    <ClInclude Include="Headers\boost\type_traits\aligned_storage.hpp">
      <Filter>Header Files\boost\type_traits</Filter>
    </ClInclude>
    <ClInclude Include="Headers\boost\type_traits\alignment_of.hpp">
      <Filter>Header Files\boost\type_traits</Filter>
    </ClInclude>
    <ClInclude Include="Headers\boost\type_traits\alignment_traits.hpp">
      <Filter>Header Files\boost\type_traits</Filter>
    </ClInclude>
    <ClInclude Include="Headers\boost\type_traits\arithmetic_traits.hpp">
      <Filter>Header Files\boost\type_traits</Filter>
    </ClInclude>
    <ClInclude Include="Headers\boost\type_traits\array_traits.hpp">
      <Filter>Header Files\boost\type_traits</Filter>
    </ClInclude>
    <ClInclude Include="Headers\boost\type_traits\broken_compiler_spec.hpp">
      <Filter>Header Files\boost\type_traits</Filter>
    </ClInclude>
    <ClInclude Include="Headers\boost\type_traits\common_type.hpp">
      <Filter>Header Files\boost\type_traits</Filter>
    </ClInclude>
    <ClInclude Include="Headers\boost\type_traits\composite_traits.hpp">
      <Filter>Header Files\boost\type_traits</Filter>
    </ClInclude>
    <ClInclude Include="Headers\boost\type_traits\conditional.hpp">
      <Filter>Header Files\boost\type_traits</Filter>
    </ClInclude>
    <ClInclude Include="Headers\boost\type_traits\config.hpp">
      <Filter>Header Files\boost\type_traits</Filter>
    </ClInclude>
    <ClInclude Include="Headers\boost\type_traits\conversion_traits.hpp">
      <Filter>Header Files\boost\type_traits</Filter>
    </ClInclude>
    <ClInclude Include="Headers\boost\type_traits\cv_traits.hpp">
      <Filter>Header Files\boost\type_traits</Filter>
    </ClInclude>
    <ClInclude Include="Headers\boost\type_traits\decay.hpp">
      <Filter>Header Files\boost\type_traits</Filter>
    </ClInclude>
    <ClInclude Include="Headers\boost\type_traits\extent.hpp">
      <Filter>Header Files\boost\type_traits</Filter>
    </ClInclude>
    <ClInclude Include="Headers\boost\type_traits\floating_point_promotion.hpp">
      <Filter>Header Files\boost\type_traits</Filter>
    </ClInclude>
    <ClInclude Include="Headers\boost\type_traits\function_traits.hpp">
      <Filter>Header Files\boost\type_traits</Filter>
    </ClInclude>
    <ClInclude Include="Headers\boost\type_traits\has_bit_and.hpp">
      <Filter>Header Files\boost\type_traits</Filter>
    </ClInclude>
    <ClInclude Include="Headers\boost\type_traits\has_bit_and_assign.hpp">
      <Filter>Header Files\boost\type_traits</Filter>
    </ClInclude>
    <ClInclude Include="Headers\boost\type_traits\has_bit_or.hpp">
      <Filter>Header Files\boost\type_traits</Filter>
    </ClInclude>
    <ClInclude Include="Headers\boost\type_traits\has_bit_or_assign.hpp">
      <Filter>Header Files\boost\type_traits</Filter>
    </ClInclude>
    <ClInclude Include="Headers\boost\type_traits\has_bit_xor.hpp">
      <Filter>Header Files\boost\type_traits</Filter>
    </ClInclude>
    <ClInclude Include="Headers\boost\type_traits\has_bit_xor_assign.hpp">
      <Filter>Header Files\boost\type_traits</Filter>
    </ClInclude>
    <ClInclude Include="Headers\boost\type_traits\has_complement.hpp">
      <Filter>Header Files\boost\type_traits</Filter>
    </ClInclude>
    <ClInclude Include="Headers\boost\type_traits\has_dereference.hpp">
      <Filter>Header Files\boost\type_traits</Filter>
    </ClInclude>
    <ClInclude Include="Headers\boost\type_traits\has_divides.hpp">
      <Filter>Header Files\boost\type_traits</Filter>
    </ClInclude>
    <ClInclude Include="Headers\boost\type_traits\has_divides_assign.hpp">
      <Filter>Header Files\boost\type_traits</Filter>
    </ClInclude>
    <ClInclude Include="Headers\boost\type_traits\has_equal_to.hpp">
      <Filter>Header Files\boost\type_traits</Filter>
    </ClInclude>
    <ClInclude Include="Headers\boost\type_traits\has_greater.hpp">
      <Filter>Header Files\boost\type_traits</Filter>
    </ClInclude>
    <ClInclude Include="Headers\boost\type_traits\has_greater_equal.hpp">
      <Filter>Header Files\boost\type_traits</Filter>
    </ClInclude>
    <ClInclude Include="Headers\boost\type_traits\has_left_shift.hpp">
      <Filter>Header Files\boost\type_traits</Filter>
    </ClInclude>
    <ClInclude Include="Headers\boost\type_traits\has_left_shift_assign.hpp">
      <Filter>Header Files\boost\type_traits</Filter>
    </ClInclude>
    <ClInclude Include="Headers\boost\type_traits\has_less.hpp">
      <Filter>Header Files\boost\type_traits</Filter>
    </ClInclude>
    <ClInclude Include="Headers\boost\type_traits\has_less_equal.hpp">
      <Filter>Header Files\boost\type_traits</Filter>
    </ClInclude>
    <ClInclude Include="Headers\boost\type_traits\has_logical_and.hpp">
      <Filter>Header Files\boost\type_traits</Filter>
    </ClInclude>
    <ClInclude Include="Headers\boost\type_traits\has_logical_not.hpp">
      <Filter>Header Files\boost\type_traits</Filter>
    </ClInclude>
    <ClInclude Include="Headers\boost\type_traits\has_logical_or.hpp">
      <Filter>Header Files\boost\type_traits</Filter>
    </ClInclude>
    <ClInclude Include="Headers\boost\type_traits\has_minus.hpp">
      <Filter>Header Files\boost\type_traits</Filter>
    </ClInclude>
    <ClInclude Include="Headers\boost\type_traits\has_minus_assign.hpp">
      <Filter>Header Files\boost\type_traits</Filter>
    </ClInclude>
    <ClInclude Include="Headers\boost\type_traits\has_modulus.hpp">
      <Filter>Header Files\boost\type_traits</Filter>
    </ClInclude>
    <ClInclude Include="Headers\boost\type_traits\has_modulus_assign.hpp">
      <Filter>Header Files\boost\type_traits</Filter>
    </ClInclude>
    <ClInclude Include="Headers\boost\type_traits\has_multiplies.hpp">
      <Filter>Header Files\boost\type_traits</Filter>
    </ClInclude>
    <ClInclude Include="Headers\boost\type_traits\has_multiplies_assign.hpp">
      <Filter>Header Files\boost\type_traits</Filter>
    </ClInclude>
    <ClInclude Include="Headers\boost\type_traits\has_negate.hpp">
      <Filter>Header Files\boost\type_traits</Filter>
    </ClInclude>
    <ClInclude Include="Headers\boost\type_traits\has_new_operator.hpp">
      <Filter>Header Files\boost\type_traits</Filter>
    </ClInclude>
    <ClInclude Include="Headers\boost\type_traits\has_not_equal_to.hpp">
      <Filter>Header Files\boost\type_traits</Filter>
    </ClInclude>
    <ClInclude Include="Headers\boost\type_traits\has_nothrow_assign.hpp">
      <Filter>Header Files\boost\type_traits</Filter>
    </ClInclude>
    <ClInclude Include="Headers\boost\type_traits\has_nothrow_constructor.hpp">
      <Filter>Header Files\boost\type_traits</Filter>
    </ClInclude>
    <ClInclude Include="Headers\boost\type_traits\has_nothrow_copy.hpp">
      <Filter>Header Files\boost\type_traits</Filter>
    </ClInclude>
    <ClInclude Include="Headers\boost\type_traits\has_nothrow_destructor.hpp">
      <Filter>Header Files\boost\type_traits</Filter>
    </ClInclude>
    <ClInclude Include="Headers\boost\type_traits\has_operator.hpp">
      <Filter>Header Files\boost\type_traits</Filter>
    </ClInclude>
    <ClInclude Include="Headers\boost\type_traits\has_plus.hpp">
      <Filter>Header Files\boost\type_traits</Filter>
    </ClInclude>
    <ClInclude Include="Headers\boost\type_traits\has_plus_assign.hpp">
      <Filter>Header Files\boost\type_traits</Filter>
    </ClInclude>
    <ClInclude Include="Headers\boost\type_traits\has_post_decrement.hpp">
      <Filter>Header Files\boost\type_traits</Filter>
    </ClInclude>
    <ClInclude Include="Headers\boost\type_traits\has_post_increment.hpp">
      <Filter>Header Files\boost\type_traits</Filter>
    </ClInclude>
    <ClInclude Include="Headers\boost\type_traits\has_pre_decrement.hpp">
      <Filter>Header Files\boost\type_traits</Filter>
    </ClInclude>
    <ClInclude Include="Headers\boost\type_traits\has_pre_increment.hpp">
      <Filter>Header Files\boost\type_traits</Filter>
    </ClInclude>
    <ClInclude Include="Headers\boost\type_traits\has_right_shift.hpp">
      <Filter>Header Files\boost\type_traits</Filter>
    </ClInclude>
    <ClInclude Include="Headers\boost\type_traits\has_right_shift_assign.hpp">
      <Filter>Header Files\boost\type_traits</Filter>
    </ClInclude>
    <ClInclude Include="Headers\boost\type_traits\has_trivial_assign.hpp">
      <Filter>Header Files\boost\type_traits</Filter>
    </ClInclude>
    <ClInclude Include="Headers\boost\type_traits\has_trivial_constructor.hpp">
      <Filter>Header Files\boost\type_traits</Filter>
    </ClInclude>
    <ClInclude Include="Headers\boost\type_traits\has_trivial_copy.hpp">
      <Filter>Header Files\boost\type_traits</Filter>
    </ClInclude>
    <ClInclude Include="Headers\boost\type_traits\has_trivial_destructor.hpp">
      <Filter>Header Files\boost\type_traits</Filter>
    </ClInclude>
    <ClInclude Include="Headers\boost\type_traits\has_unary_minus.hpp">
      <Filter>Header Files\boost\type_traits</Filter>
    </ClInclude>
    <ClInclude Include="Headers\boost\type_traits\has_unary_plus.hpp">
      <Filter>Header Files\boost\type_traits</Filter>
    </ClInclude>
    <ClInclude Include="Headers\boost\type_traits\has_virtual_destructor.hpp">
      <Filter>Header Files\boost\type_traits</Filter>
    </ClInclude>
    <ClInclude Include="Headers\boost\type_traits\ice.hpp">
      <Filter>Header Files\boost\type_traits</Filter>
    </ClInclude>
    <ClInclude Include="Headers\boost\type_traits\integral_constant.hpp">
      <Filter>Header Files\boost\type_traits</Filter>
    </ClInclude>
    <ClInclude Include="Headers\boost\type_traits\integral_promotion.hpp">
      <Filter>Header Files\boost\type_traits</Filter>
    </ClInclude>
    <ClInclude Include="Headers\boost\type_traits\intrinsics.hpp">
      <Filter>Header Files\boost\type_traits</Filter>
    </ClInclude>
    <ClInclude Include="Headers\boost\type_traits\is_abstract.hpp">
      <Filter>Header Files\boost\type_traits</Filter>
    </ClInclude>
    <ClInclude Include="Headers\boost\type_traits\is_arithmetic.hpp">
      <Filter>Header Files\boost\type_traits</Filter>
    </ClInclude>
    <ClInclude Include="Headers\boost\type_traits\is_array.hpp">
      <Filter>Header Files\boost\type_traits</Filter>
    </ClInclude>
    <ClInclude Include="Headers\boost\type_traits\is_base_and_derived.hpp">
      <Filter>Header Files\boost\type_traits</Filter>
    </ClInclude>
    <ClInclude Include="Headers\boost\type_traits\is_base_of.hpp">
      <Filter>Header Files\boost\type_traits</Filter>
    </ClInclude>
    <ClInclude Include="Headers\boost\type_traits\is_base_of_tr1.hpp">
      <Filter>Header Files\boost\type_traits</Filter>
    </ClInclude>
    <ClInclude Include="Headers\boost\type_traits\is_class.hpp">
      <Filter>Header Files\boost\type_traits</Filter>
    </ClInclude>
    <ClInclude Include="Headers\boost\type_traits\is_complex.hpp">
      <Filter>Header Files\boost\type_traits</Filter>
    </ClInclude>
    <ClInclude Include="Headers\boost\type_traits\is_compound.hpp">
      <Filter>Header Files\boost\type_traits</Filter>
    </ClInclude>
    <ClInclude Include="Headers\boost\type_traits\is_const.hpp">
      <Filter>Header Files\boost\type_traits</Filter>
    </ClInclude>
    <ClInclude Include="Headers\boost\type_traits\is_convertible.hpp">
      <Filter>Header Files\boost\type_traits</Filter>
    </ClInclude>
    <ClInclude Include="Headers\boost\type_traits\is_empty.hpp">
      <Filter>Header Files\boost\type_traits</Filter>
    </ClInclude>
    <ClInclude Include="Headers\boost\type_traits\is_enum.hpp">
      <Filter>Header Files\boost\type_traits</Filter>
    </ClInclude>
    <ClInclude Include="Headers\boost\type_traits\is_float.hpp">
      <Filter>Header Files\boost\type_traits</Filter>
    </ClInclude>
    <ClInclude Include="Headers\boost\type_traits\is_floating_point.hpp">
      <Filter>Header Files\boost\type_traits</Filter>
    </ClInclude>
    <ClInclude Include="Headers\boost\type_traits\is_function.hpp">
      <Filter>Header Files\boost\type_traits</Filter>
    </ClInclude>
    <ClInclude Include="Headers\boost\type_traits\is_fundamental.hpp">
      <Filter>Header Files\boost\type_traits</Filter>
    </ClInclude>
    <ClInclude Include="Headers\boost\type_traits\is_integral.hpp">
      <Filter>Header Files\boost\type_traits</Filter>
    </ClInclude>
    <ClInclude Include="Headers\boost\type_traits\is_lvalue_reference.hpp">
      <Filter>Header Files\boost\type_traits</Filter>
    </ClInclude>
    <ClInclude Include="Headers\boost\type_traits\is_member_function_pointer.hpp">
      <Filter>Header Files\boost\type_traits</Filter>
    </ClInclude>
    <ClInclude Include="Headers\boost\type_traits\is_member_object_pointer.hpp">
      <Filter>Header Files\boost\type_traits</Filter>
    </ClInclude>
    <ClInclude Include="Headers\boost\type_traits\is_member_pointer.hpp">
      <Filter>Header Files\boost\type_traits</Filter>
    </ClInclude>
    <ClInclude Include="Headers\boost\type_traits\is_object.hpp">
      <Filter>Header Files\boost\type_traits</Filter>
    </ClInclude>
    <ClInclude Include="Headers\boost\type_traits\is_pod.hpp">
      <Filter>Header Files\boost\type_traits</Filter>
    </ClInclude>
    <ClInclude Include="Headers\boost\type_traits\is_pointer.hpp">
      <Filter>Header Files\boost\type_traits</Filter>
    </ClInclude>
    <ClInclude Include="Headers\boost\type_traits\is_polymorphic.hpp">
      <Filter>Header Files\boost\type_traits</Filter>
    </ClInclude>
    <ClInclude Include="Headers\boost\type_traits\is_reference.hpp">
      <Filter>Header Files\boost\type_traits</Filter>
    </ClInclude>
    <ClInclude Include="Headers\boost\type_traits\is_rvalue_reference.hpp">
      <Filter>Header Files\boost\type_traits</Filter>
    </ClInclude>
    <ClInclude Include="Headers\boost\type_traits\is_same.hpp">
      <Filter>Header Files\boost\type_traits</Filter>
    </ClInclude>
    <ClInclude Include="Headers\boost\type_traits\is_scalar.hpp">
      <Filter>Header Files\boost\type_traits</Filter>
    </ClInclude>
    <ClInclude Include="Headers\boost\type_traits\is_signed.hpp">
      <Filter>Header Files\boost\type_traits</Filter>
    </ClInclude>
    <ClInclude Include="Headers\boost\type_traits\is_stateless.hpp">
      <Filter>Header Files\boost\type_traits</Filter>
    </ClInclude>
    <ClInclude Include="Headers\boost\type_traits\is_union.hpp">
      <Filter>Header Files\boost\type_traits</Filter>
    </ClInclude>
    <ClInclude Include="Headers\boost\type_traits\is_unsigned.hpp">
      <Filter>Header Files\boost\type_traits</Filter>
    </ClInclude>
    <ClInclude Include="Headers\boost\type_traits\is_virtual_base_of.hpp">
      <Filter>Header Files\boost\type_traits</Filter>
    </ClInclude>
    <ClInclude Include="Headers\boost\type_traits\is_void.hpp">
      <Filter>Header Files\boost\type_traits</Filter>
    </ClInclude>
    <ClInclude Include="Headers\boost\type_traits\is_volatile.hpp">
      <Filter>Header Files\boost\type_traits</Filter>
    </ClInclude>
    <ClInclude Include="Headers\boost\type_traits\make_signed.hpp">
      <Filter>Header Files\boost\type_traits</Filter>
    </ClInclude>
    <ClInclude Include="Headers\boost\type_traits\make_unsigned.hpp">
      <Filter>Header Files\boost\type_traits</Filter>
    </ClInclude>
    <ClInclude Include="Headers\boost\type_traits\object_traits.hpp">
      <Filter>Header Files\boost\type_traits</Filter>
    </ClInclude>
    <ClInclude Include="Headers\boost\type_traits\promote.hpp">
      <Filter>Header Files\boost\type_traits</Filter>
    </ClInclude>
    <ClInclude Include="Headers\boost\type_traits\rank.hpp">
      <Filter>Header Files\boost\type_traits</Filter>
    </ClInclude>
    <ClInclude Include="Headers\boost\type_traits\reference_traits.hpp">
      <Filter>Header Files\boost\type_traits</Filter>
    </ClInclude>
    <ClInclude Include="Headers\boost\type_traits\remove_all_extents.hpp">
      <Filter>Header Files\boost\type_traits</Filter>
    </ClInclude>
    <ClInclude Include="Headers\boost\type_traits\remove_bounds.hpp">
      <Filter>Header Files\boost\type_traits</Filter>
    </ClInclude>
    <ClInclude Include="Headers\boost\type_traits\remove_const.hpp">
      <Filter>Header Files\boost\type_traits</Filter>
    </ClInclude>
    <ClInclude Include="Headers\boost\type_traits\remove_cv.hpp">
      <Filter>Header Files\boost\type_traits</Filter>
    </ClInclude>
    <ClInclude Include="Headers\boost\type_traits\remove_extent.hpp">
      <Filter>Header Files\boost\type_traits</Filter>
    </ClInclude>
    <ClInclude Include="Headers\boost\type_traits\remove_pointer.hpp">
      <Filter>Header Files\boost\type_traits</Filter>
    </ClInclude>
    <ClInclude Include="Headers\boost\type_traits\remove_reference.hpp">
      <Filter>Header Files\boost\type_traits</Filter>
    </ClInclude>
    <ClInclude Include="Headers\boost\type_traits\remove_volatile.hpp">
      <Filter>Header Files\boost\type_traits</Filter>
    </ClInclude>
    <ClInclude Include="Headers\boost\type_traits\same_traits.hpp">
      <Filter>Header Files\boost\type_traits</Filter>
    </ClInclude>
    <ClInclude Include="Headers\boost\type_traits\transform_traits.hpp">
      <Filter>Header Files\boost\type_traits</Filter>
    </ClInclude>
    <ClInclude Include="Headers\boost\type_traits\transform_traits_spec.hpp">
      <Filter>Header Files\boost\type_traits</Filter>
    </ClInclude>
    <ClInclude Include="Headers\boost\type_traits\type_with_alignment.hpp">
      <Filter>Header Files\boost\type_traits</Filter>
    </ClInclude>
    <ClInclude Include="Headers\boost\property_map\dynamic_property_map.hpp">
      <Filter>Header Files\boost\property_map</Filter>
    </ClInclude>
    <ClInclude Include="Headers\boost\property_map\function_property_map.hpp">
      <Filter>Header Files\boost\property_map</Filter>
    </ClInclude>
    <ClInclude Include="Headers\boost\property_map\property_map.hpp">
      <Filter>Header Files\boost\property_map</Filter>
    </ClInclude>
    <ClInclude Include="Headers\boost\property_map\property_map_iterator.hpp">
      <Filter>Header Files\boost\property_map</Filter>
    </ClInclude>
    <ClInclude Include="Headers\boost\property_map\shared_array_property_map.hpp">
      <Filter>Header Files\boost\property_map</Filter>
    </ClInclude>
    <ClInclude Include="Headers\boost\property_map\transform_value_property_map.hpp">
      <Filter>Header Files\boost\property_map</Filter>
    </ClInclude>
    <ClInclude Include="Headers\boost\property_map\vector_property_map.hpp">
      <Filter>Header Files\boost\property_map</Filter>
    </ClInclude>
    <ClInclude Include="Headers\boost\unordered\unordered_map.hpp">
      <Filter>Header Files\boost\unordered</Filter>
    </ClInclude>
    <ClInclude Include="Headers\boost\unordered\unordered_map_fwd.hpp">
      <Filter>Header Files\boost\unordered</Filter>
    </ClInclude>
    <ClInclude Include="Headers\boost\unordered\unordered_set.hpp">
      <Filter>Header Files\boost\unordered</Filter>
    </ClInclude>
    <ClInclude Include="Headers\boost\unordered\unordered_set_fwd.hpp">
      <Filter>Header Files\boost\unordered</Filter>
    </ClInclude>
    <ClInclude Include="wordnet.h">
      <Filter>Header Files</Filter>
    </ClInclude>
    <ClInclude Include="stdafx.h">
      <Filter>Header Files</Filter>
    </ClInclude>
    <ClInclude Include="std_ext.h">
      <Filter>Header Files</Filter>
    </ClInclude>
    <ClInclude Include="pos_t.h">
      <Filter>Header Files</Filter>
    </ClInclude>
    <ClInclude Include="nltk_similarity.h">
      <Filter>Header Files</Filter>
    </ClInclude>
    <ClInclude Include="load_wordnet.h">
      <Filter>Header Files</Filter>
    </ClInclude>
    <ClInclude Include="info_helper.h">
      <Filter>Header Files</Filter>
    </ClInclude>
    <ClInclude Include="bfs.h">
      <Filter>Header Files</Filter>
    </ClInclude>
    <ClInclude Include="Headers\boost\aligned_storage.hpp">
      <Filter>Header Files\boost</Filter>
    </ClInclude>
    <ClInclude Include="Headers\boost\any.hpp">
      <Filter>Header Files\boost</Filter>
    </ClInclude>
    <ClInclude Include="Headers\boost\array.hpp">
      <Filter>Header Files\boost</Filter>
    </ClInclude>
    <ClInclude Include="Headers\boost\asio.hpp">
      <Filter>Header Files\boost</Filter>
    </ClInclude>
    <ClInclude Include="Headers\boost\assert.hpp">
      <Filter>Header Files\boost</Filter>
    </ClInclude>
    <ClInclude Include="Headers\boost\assign.hpp">
      <Filter>Header Files\boost</Filter>
    </ClInclude>
    <ClInclude Include="Headers\boost\atomic.hpp">
      <Filter>Header Files\boost</Filter>
    </ClInclude>
    <ClInclude Include="Headers\boost\bimap.hpp">
      <Filter>Header Files\boost</Filter>
    </ClInclude>
    <ClInclude Include="Headers\boost\bind.hpp">
      <Filter>Header Files\boost</Filter>
    </ClInclude>
    <ClInclude Include="Headers\boost\blank.hpp">
      <Filter>Header Files\boost</Filter>
    </ClInclude>
    <ClInclude Include="Headers\boost\blank_fwd.hpp">
      <Filter>Header Files\boost</Filter>
    </ClInclude>
    <ClInclude Include="Headers\boost\call_traits.hpp">
      <Filter>Header Files\boost</Filter>
    </ClInclude>
    <ClInclude Include="Headers\boost\cast.hpp">
      <Filter>Header Files\boost</Filter>
    </ClInclude>
    <ClInclude Include="Headers\boost\cerrno.hpp">
      <Filter>Header Files\boost</Filter>
    </ClInclude>
    <ClInclude Include="Headers\boost\checked_delete.hpp">
      <Filter>Header Files\boost</Filter>
    </ClInclude>
    <ClInclude Include="Headers\boost\chrono.hpp">
      <Filter>Header Files\boost</Filter>
    </ClInclude>
    <ClInclude Include="Headers\boost\circular_buffer.hpp">
      <Filter>Header Files\boost</Filter>
    </ClInclude>
    <ClInclude Include="Headers\boost\circular_buffer_fwd.hpp">
      <Filter>Header Files\boost</Filter>
    </ClInclude>
    <ClInclude Include="Headers\boost\compressed_pair.hpp">
      <Filter>Header Files\boost</Filter>
    </ClInclude>
    <ClInclude Include="Headers\boost\concept_archetype.hpp">
      <Filter>Header Files\boost</Filter>
    </ClInclude>
    <ClInclude Include="Headers\boost\concept_check.hpp">
      <Filter>Header Files\boost</Filter>
    </ClInclude>
    <ClInclude Include="Headers\boost\config.hpp">
      <Filter>Header Files\boost</Filter>
    </ClInclude>
    <ClInclude Include="Headers\boost\crc.hpp">
      <Filter>Header Files\boost</Filter>
    </ClInclude>
    <ClInclude Include="Headers\boost\cregex.hpp">
      <Filter>Header Files\boost</Filter>
    </ClInclude>
    <ClInclude Include="Headers\boost\cstdint.hpp">
      <Filter>Header Files\boost</Filter>
    </ClInclude>
    <ClInclude Include="Headers\boost\cstdlib.hpp">
      <Filter>Header Files\boost</Filter>
    </ClInclude>
    <ClInclude Include="Headers\boost\current_function.hpp">
      <Filter>Header Files\boost</Filter>
    </ClInclude>
    <ClInclude Include="Headers\boost\date_time.hpp">
      <Filter>Header Files\boost</Filter>
    </ClInclude>
    <ClInclude Include="Headers\boost\dynamic_bitset.hpp">
      <Filter>Header Files\boost</Filter>
    </ClInclude>
    <ClInclude Include="Headers\boost\dynamic_bitset_fwd.hpp">
      <Filter>Header Files\boost</Filter>
    </ClInclude>
    <ClInclude Include="Headers\boost\enable_shared_from_this.hpp">
      <Filter>Header Files\boost</Filter>
    </ClInclude>
    <ClInclude Include="Headers\boost\exception.hpp">
      <Filter>Header Files\boost</Filter>
    </ClInclude>
    <ClInclude Include="Headers\boost\exception_ptr.hpp">
      <Filter>Header Files\boost</Filter>
    </ClInclude>
    <ClInclude Include="Headers\boost\filesystem.hpp">
      <Filter>Header Files\boost</Filter>
    </ClInclude>
    <ClInclude Include="Headers\boost\flyweight.hpp">
      <Filter>Header Files\boost</Filter>
    </ClInclude>
    <ClInclude Include="Headers\boost\foreach.hpp">
      <Filter>Header Files\boost</Filter>
    </ClInclude>
    <ClInclude Include="Headers\boost\foreach_fwd.hpp">
      <Filter>Header Files\boost</Filter>
    </ClInclude>
    <ClInclude Include="Headers\boost\format.hpp">
      <Filter>Header Files\boost</Filter>
    </ClInclude>
    <ClInclude Include="Headers\boost\function.hpp">
      <Filter>Header Files\boost</Filter>
    </ClInclude>
    <ClInclude Include="Headers\boost\function_equal.hpp">
      <Filter>Header Files\boost</Filter>
    </ClInclude>
    <ClInclude Include="Headers\boost\function_output_iterator.hpp">
      <Filter>Header Files\boost</Filter>
    </ClInclude>
    <ClInclude Include="Headers\boost\functional.hpp">
      <Filter>Header Files\boost</Filter>
    </ClInclude>
    <ClInclude Include="Headers\boost\generator_iterator.hpp">
      <Filter>Header Files\boost</Filter>
    </ClInclude>
    <ClInclude Include="Headers\boost\geometry.hpp">
      <Filter>Header Files\boost</Filter>
    </ClInclude>
    <ClInclude Include="Headers\boost\get_pointer.hpp">
      <Filter>Header Files\boost</Filter>
    </ClInclude>
    <ClInclude Include="Headers\boost\implicit_cast.hpp">
      <Filter>Header Files\boost</Filter>
    </ClInclude>
    <ClInclude Include="Headers\boost\indirect_reference.hpp">
      <Filter>Header Files\boost</Filter>
    </ClInclude>
    <ClInclude Include="Headers\boost\integer.hpp">
      <Filter>Header Files\boost</Filter>
    </ClInclude>
    <ClInclude Include="Headers\boost\integer_fwd.hpp">
      <Filter>Header Files\boost</Filter>
    </ClInclude>
    <ClInclude Include="Headers\boost\integer_traits.hpp">
      <Filter>Header Files\boost</Filter>
    </ClInclude>
    <ClInclude Include="Headers\boost\intrusive_ptr.hpp">
      <Filter>Header Files\boost</Filter>
    </ClInclude>
    <ClInclude Include="Headers\boost\io_fwd.hpp">
      <Filter>Header Files\boost</Filter>
    </ClInclude>
    <ClInclude Include="Headers\boost\is_placeholder.hpp">
      <Filter>Header Files\boost</Filter>
    </ClInclude>
    <ClInclude Include="Headers\boost\iterator.hpp">
      <Filter>Header Files\boost</Filter>
    </ClInclude>
    <ClInclude Include="Headers\boost\iterator_adaptors.hpp">
      <Filter>Header Files\boost</Filter>
    </ClInclude>
    <ClInclude Include="Headers\boost\last_value.hpp">
      <Filter>Header Files\boost</Filter>
    </ClInclude>
    <ClInclude Include="Headers\boost\lexical_cast.hpp">
      <Filter>Header Files\boost</Filter>
    </ClInclude>
    <ClInclude Include="Headers\boost\limits.hpp">
      <Filter>Header Files\boost</Filter>
    </ClInclude>
    <ClInclude Include="Headers\boost\local_function.hpp">
      <Filter>Header Files\boost</Filter>
    </ClInclude>
    <ClInclude Include="Headers\boost\locale.hpp">
      <Filter>Header Files\boost</Filter>
    </ClInclude>
    <ClInclude Include="Headers\boost\make_shared.hpp">
      <Filter>Header Files\boost</Filter>
    </ClInclude>
    <ClInclude Include="Headers\boost\math_fwd.hpp">
      <Filter>Header Files\boost</Filter>
    </ClInclude>
    <ClInclude Include="Headers\boost\mem_fn.hpp">
      <Filter>Header Files\boost</Filter>
    </ClInclude>
    <ClInclude Include="Headers\boost\memory_order.hpp">
      <Filter>Header Files\boost</Filter>
    </ClInclude>
    <ClInclude Include="Headers\boost\mpi.hpp">
      <Filter>Header Files\boost</Filter>
    </ClInclude>
    <ClInclude Include="Headers\boost\multi_array.hpp">
      <Filter>Header Files\boost</Filter>
    </ClInclude>
    <ClInclude Include="Headers\boost\multi_index_container.hpp">
      <Filter>Header Files\boost</Filter>
    </ClInclude>
    <ClInclude Include="Headers\boost\multi_index_container_fwd.hpp">
      <Filter>Header Files\boost</Filter>
    </ClInclude>
    <ClInclude Include="Headers\boost\next_prior.hpp">
      <Filter>Header Files\boost</Filter>
    </ClInclude>
    <ClInclude Include="Headers\boost\non_type.hpp">
      <Filter>Header Files\boost</Filter>
    </ClInclude>
    <ClInclude Include="Headers\boost\noncopyable.hpp">
      <Filter>Header Files\boost</Filter>
    </ClInclude>
    <ClInclude Include="Headers\boost\nondet_random.hpp">
      <Filter>Header Files\boost</Filter>
    </ClInclude>
    <ClInclude Include="Headers\boost\none.hpp">
      <Filter>Header Files\boost</Filter>
    </ClInclude>
    <ClInclude Include="Headers\boost\none_t.hpp">
      <Filter>Header Files\boost</Filter>
    </ClInclude>
    <ClInclude Include="Headers\boost\operators.hpp">
      <Filter>Header Files\boost</Filter>
    </ClInclude>
    <ClInclude Include="Headers\boost\optional.hpp">
      <Filter>Header Files\boost</Filter>
    </ClInclude>
    <ClInclude Include="Headers\boost\parameter.hpp">
      <Filter>Header Files\boost</Filter>
    </ClInclude>
    <ClInclude Include="Headers\boost\phoenix.hpp">
      <Filter>Header Files\boost</Filter>
    </ClInclude>
    <ClInclude Include="Headers\boost\pointee.hpp">
      <Filter>Header Files\boost</Filter>
    </ClInclude>
    <ClInclude Include="Headers\boost\pointer_cast.hpp">
      <Filter>Header Files\boost</Filter>
    </ClInclude>
    <ClInclude Include="Headers\boost\pointer_to_other.hpp">
      <Filter>Header Files\boost</Filter>
    </ClInclude>
    <ClInclude Include="Headers\boost\preprocessor.hpp">
      <Filter>Header Files\boost</Filter>
    </ClInclude>
    <ClInclude Include="Headers\boost\program_options.hpp">
      <Filter>Header Files\boost</Filter>
    </ClInclude>
    <ClInclude Include="Headers\boost\progress.hpp">
      <Filter>Header Files\boost</Filter>
    </ClInclude>
    <ClInclude Include="Headers\boost\python.hpp">
      <Filter>Header Files\boost</Filter>
    </ClInclude>
    <ClInclude Include="Headers\boost\random.hpp">
      <Filter>Header Files\boost</Filter>
    </ClInclude>
    <ClInclude Include="Headers\boost\range.hpp">
      <Filter>Header Files\boost</Filter>
    </ClInclude>
    <ClInclude Include="Headers\boost\ratio.hpp">
      <Filter>Header Files\boost</Filter>
    </ClInclude>
    <ClInclude Include="Headers\boost\rational.hpp">
      <Filter>Header Files\boost</Filter>
    </ClInclude>
    <ClInclude Include="Headers\boost\ref.hpp">
      <Filter>Header Files\boost</Filter>
    </ClInclude>
    <ClInclude Include="Headers\boost\regex.hpp">
      <Filter>Header Files\boost</Filter>
    </ClInclude>
    <ClInclude Include="Headers\boost\regex_fwd.hpp">
      <Filter>Header Files\boost</Filter>
    </ClInclude>
    <ClInclude Include="Headers\boost\scope_exit.hpp">
      <Filter>Header Files\boost</Filter>
    </ClInclude>
    <ClInclude Include="Headers\boost\scoped_array.hpp">
      <Filter>Header Files\boost</Filter>
    </ClInclude>
    <ClInclude Include="Headers\boost\scoped_ptr.hpp">
      <Filter>Header Files\boost</Filter>
    </ClInclude>
    <ClInclude Include="Headers\boost\shared_array.hpp">
      <Filter>Header Files\boost</Filter>
    </ClInclude>
    <ClInclude Include="Headers\boost\shared_container_iterator.hpp">
      <Filter>Header Files\boost</Filter>
    </ClInclude>
    <ClInclude Include="Headers\boost\shared_ptr.hpp">
      <Filter>Header Files\boost</Filter>
    </ClInclude>
    <ClInclude Include="Headers\boost\signal.hpp">
      <Filter>Header Files\boost</Filter>
    </ClInclude>
    <ClInclude Include="Headers\boost\signals.hpp">
      <Filter>Header Files\boost</Filter>
    </ClInclude>
    <ClInclude Include="Headers\boost\signals2.hpp">
      <Filter>Header Files\boost</Filter>
    </ClInclude>
    <ClInclude Include="Headers\boost\smart_ptr.hpp">
      <Filter>Header Files\boost</Filter>
    </ClInclude>
    <ClInclude Include="Headers\boost\spirit.hpp">
      <Filter>Header Files\boost</Filter>
    </ClInclude>
    <ClInclude Include="Headers\boost\static_assert.hpp">
      <Filter>Header Files\boost</Filter>
    </ClInclude>
    <ClInclude Include="Headers\boost\strong_typedef.hpp">
      <Filter>Header Files\boost</Filter>
    </ClInclude>
    <ClInclude Include="Headers\boost\swap.hpp">
      <Filter>Header Files\boost</Filter>
    </ClInclude>
    <ClInclude Include="Headers\boost\thread.hpp">
      <Filter>Header Files\boost</Filter>
    </ClInclude>
    <ClInclude Include="Headers\boost\throw_exception.hpp">
      <Filter>Header Files\boost</Filter>
    </ClInclude>
    <ClInclude Include="Headers\boost\timer.hpp">
      <Filter>Header Files\boost</Filter>
    </ClInclude>
    <ClInclude Include="Headers\boost\token_functions.hpp">
      <Filter>Header Files\boost</Filter>
    </ClInclude>
    <ClInclude Include="Headers\boost\token_iterator.hpp">
      <Filter>Header Files\boost</Filter>
    </ClInclude>
    <ClInclude Include="Headers\boost\tokenizer.hpp">
      <Filter>Header Files\boost</Filter>
    </ClInclude>
    <ClInclude Include="Headers\boost\type.hpp">
      <Filter>Header Files\boost</Filter>
    </ClInclude>
    <ClInclude Include="Headers\boost\type_traits.hpp">
      <Filter>Header Files\boost</Filter>
    </ClInclude>
    <ClInclude Include="Headers\boost\unordered_map.hpp">
      <Filter>Header Files\boost</Filter>
    </ClInclude>
    <ClInclude Include="Headers\boost\unordered_set.hpp">
      <Filter>Header Files\boost</Filter>
    </ClInclude>
    <ClInclude Include="Headers\boost\utility.hpp">
      <Filter>Header Files\boost</Filter>
    </ClInclude>
    <ClInclude Include="Headers\boost\variant.hpp">
      <Filter>Header Files\boost</Filter>
    </ClInclude>
    <ClInclude Include="Headers\boost\version.hpp">
      <Filter>Header Files\boost</Filter>
    </ClInclude>
    <ClInclude Include="Headers\boost\visit_each.hpp">
      <Filter>Header Files\boost</Filter>
    </ClInclude>
    <ClInclude Include="Headers\boost\wave.hpp">
      <Filter>Header Files\boost</Filter>
    </ClInclude>
    <ClInclude Include="Headers\boost\weak_ptr.hpp">
      <Filter>Header Files\boost</Filter>
    </ClInclude>
    <ClInclude Include="targetver.h">
      <Filter>Header Files</Filter>
    </ClInclude>
    <ClInclude Include="Headers\boost\config\abi_prefix.hpp">
      <Filter>Header Files\boost\config</Filter>
    </ClInclude>
    <ClInclude Include="Headers\boost\config\abi_suffix.hpp">
      <Filter>Header Files\boost\config</Filter>
    </ClInclude>
    <ClInclude Include="Headers\boost\config\auto_link.hpp">
      <Filter>Header Files\boost\config</Filter>
    </ClInclude>
    <ClInclude Include="Headers\boost\config\posix_features.hpp">
      <Filter>Header Files\boost\config</Filter>
    </ClInclude>
    <ClInclude Include="Headers\boost\config\requires_threads.hpp">
      <Filter>Header Files\boost\config</Filter>
    </ClInclude>
    <ClInclude Include="Headers\boost\config\select_compiler_config.hpp">
      <Filter>Header Files\boost\config</Filter>
    </ClInclude>
    <ClInclude Include="Headers\boost\config\select_platform_config.hpp">
      <Filter>Header Files\boost\config</Filter>
    </ClInclude>
    <ClInclude Include="Headers\boost\config\select_stdlib_config.hpp">
      <Filter>Header Files\boost\config</Filter>
    </ClInclude>
    <ClInclude Include="Headers\boost\config\suffix.hpp">
      <Filter>Header Files\boost\config</Filter>
    </ClInclude>
    <ClInclude Include="Headers\boost\config\user.hpp">
      <Filter>Header Files\boost\config</Filter>
    </ClInclude>
    <ClInclude Include="Headers\boost\config\warning_disable.hpp">
      <Filter>Header Files\boost\config</Filter>
    </ClInclude>
    <ClInclude Include="Headers\boost\config\compiler\borland.hpp">
      <Filter>Header Files\boost\config\compiler</Filter>
    </ClInclude>
    <ClInclude Include="Headers\boost\config\compiler\clang.hpp">
      <Filter>Header Files\boost\config\compiler</Filter>
    </ClInclude>
    <ClInclude Include="Headers\boost\config\compiler\codegear.hpp">
      <Filter>Header Files\boost\config\compiler</Filter>
    </ClInclude>
    <ClInclude Include="Headers\boost\config\compiler\comeau.hpp">
      <Filter>Header Files\boost\config\compiler</Filter>
    </ClInclude>
    <ClInclude Include="Headers\boost\config\compiler\common_edg.hpp">
      <Filter>Header Files\boost\config\compiler</Filter>
    </ClInclude>
    <ClInclude Include="Headers\boost\config\compiler\compaq_cxx.hpp">
      <Filter>Header Files\boost\config\compiler</Filter>
    </ClInclude>
    <ClInclude Include="Headers\boost\config\compiler\cray.hpp">
      <Filter>Header Files\boost\config\compiler</Filter>
    </ClInclude>
    <ClInclude Include="Headers\boost\config\compiler\digitalmars.hpp">
      <Filter>Header Files\boost\config\compiler</Filter>
    </ClInclude>
    <ClInclude Include="Headers\boost\config\compiler\gcc.hpp">
      <Filter>Header Files\boost\config\compiler</Filter>
    </ClInclude>
    <ClInclude Include="Headers\boost\config\compiler\gcc_xml.hpp">
      <Filter>Header Files\boost\config\compiler</Filter>
    </ClInclude>
    <ClInclude Include="Headers\boost\config\compiler\greenhills.hpp">
      <Filter>Header Files\boost\config\compiler</Filter>
    </ClInclude>
    <ClInclude Include="Headers\boost\config\compiler\hp_acc.hpp">
      <Filter>Header Files\boost\config\compiler</Filter>
    </ClInclude>
    <ClInclude Include="Headers\boost\config\compiler\intel.hpp">
      <Filter>Header Files\boost\config\compiler</Filter>
    </ClInclude>
    <ClInclude Include="Headers\boost\config\compiler\kai.hpp">
      <Filter>Header Files\boost\config\compiler</Filter>
    </ClInclude>
    <ClInclude Include="Headers\boost\config\compiler\metrowerks.hpp">
      <Filter>Header Files\boost\config\compiler</Filter>
    </ClInclude>
    <ClInclude Include="Headers\boost\config\compiler\mpw.hpp">
      <Filter>Header Files\boost\config\compiler</Filter>
    </ClInclude>
    <ClInclude Include="Headers\boost\config\compiler\nvcc.hpp">
      <Filter>Header Files\boost\config\compiler</Filter>
    </ClInclude>
    <ClInclude Include="Headers\boost\config\compiler\pathscale.hpp">
      <Filter>Header Files\boost\config\compiler</Filter>
    </ClInclude>
    <ClInclude Include="Headers\boost\config\compiler\pgi.hpp">
      <Filter>Header Files\boost\config\compiler</Filter>
    </ClInclude>
    <ClInclude Include="Headers\boost\config\compiler\sgi_mipspro.hpp">
      <Filter>Header Files\boost\config\compiler</Filter>
    </ClInclude>
    <ClInclude Include="Headers\boost\config\compiler\sunpro_cc.hpp">
      <Filter>Header Files\boost\config\compiler</Filter>
    </ClInclude>
    <ClInclude Include="Headers\boost\config\compiler\vacpp.hpp">
      <Filter>Header Files\boost\config\compiler</Filter>
    </ClInclude>
    <ClInclude Include="Headers\boost\config\compiler\visualc.hpp">
      <Filter>Header Files\boost\config\compiler</Filter>
    </ClInclude>
    <ClInclude Include="Headers\boost\config\no_tr1\cmath.hpp">
      <Filter>Header Files\boost\config</Filter>
    </ClInclude>
    <ClInclude Include="Headers\boost\config\no_tr1\complex.hpp">
      <Filter>Header Files\boost\config</Filter>
    </ClInclude>
    <ClInclude Include="Headers\boost\config\no_tr1\functional.hpp">
      <Filter>Header Files\boost\config</Filter>
    </ClInclude>
    <ClInclude Include="Headers\boost\config\no_tr1\memory.hpp">
      <Filter>Header Files\boost\config</Filter>
    </ClInclude>
    <ClInclude Include="Headers\boost\config\no_tr1\utility.hpp">
      <Filter>Header Files\boost\config</Filter>
    </ClInclude>
    <ClInclude Include="Headers\boost\config\stdlib\dinkumware.hpp">
      <Filter>Header Files\boost\config\stdlib</Filter>
    </ClInclude>
    <ClInclude Include="Headers\boost\config\stdlib\libcomo.hpp">
      <Filter>Header Files\boost\config\stdlib</Filter>
    </ClInclude>
    <ClInclude Include="Headers\boost\config\stdlib\libcpp.hpp">
      <Filter>Header Files\boost\config\stdlib</Filter>
    </ClInclude>
    <ClInclude Include="Headers\boost\config\stdlib\libstdcpp3.hpp">
      <Filter>Header Files\boost\config\stdlib</Filter>
    </ClInclude>
    <ClInclude Include="Headers\boost\config\stdlib\modena.hpp">
      <Filter>Header Files\boost\config\stdlib</Filter>
    </ClInclude>
    <ClInclude Include="Headers\boost\config\stdlib\msl.hpp">
      <Filter>Header Files\boost\config\stdlib</Filter>
    </ClInclude>
    <ClInclude Include="Headers\boost\config\stdlib\roguewave.hpp">
      <Filter>Header Files\boost\config\stdlib</Filter>
    </ClInclude>
    <ClInclude Include="Headers\boost\config\stdlib\sgi.hpp">
      <Filter>Header Files\boost\config\stdlib</Filter>
    </ClInclude>
    <ClInclude Include="Headers\boost\config\stdlib\stlport.hpp">
      <Filter>Header Files\boost\config\stdlib</Filter>
    </ClInclude>
    <ClInclude Include="Headers\boost\config\stdlib\vacpp.hpp">
      <Filter>Header Files\boost\config\stdlib</Filter>
    </ClInclude>
    <ClInclude Include="slist.h">
      <Filter>Header Files</Filter>
    </ClInclude>
    <ClInclude Include="Structured.h">
      <Filter>Header Files</Filter>
    </ClInclude>
  </ItemGroup>
  <ItemGroup>
    <ClCompile Include="main.cpp">
      <Filter>Source Files</Filter>
    </ClCompile>
    <ClCompile Include="load_wordnet.cpp">
      <Filter>Source Files</Filter>
    </ClCompile>
    <ClCompile Include="info_helper.cpp">
      <Filter>Source Files</Filter>
    </ClCompile>
    <ClCompile Include="wordnet.cpp">
      <Filter>Source Files</Filter>
    </ClCompile>
    <ClCompile Include="stdafx.cpp">
      <Filter>Source Files</Filter>
    </ClCompile>
  </ItemGroup>
  <ItemGroup>
    <None Include="..\input.txt" />
  </ItemGroup>
</Project>